// !$*UTF8*$!
{
	archiveVersion = 1;
	classes = {
	};
	objectVersion = 52;
	objects = {

/* Begin PBXBuildFile section */
		D200182A257C0AE300640118 /* MotionManager.swift in Sources */ = {isa = PBXBuildFile; fileRef = D2001827257C0AE300640118 /* MotionManager.swift */; };
		D200182B257C0AE300640118 /* MotionManager.swift in Sources */ = {isa = PBXBuildFile; fileRef = D2001827257C0AE300640118 /* MotionManager.swift */; };
		D200182C257C0AE300640118 /* MotionManager.swift in Sources */ = {isa = PBXBuildFile; fileRef = D2001827257C0AE300640118 /* MotionManager.swift */; };
		D200182D257C0AE300640118 /* MotionManager.swift in Sources */ = {isa = PBXBuildFile; fileRef = D2001827257C0AE300640118 /* MotionManager.swift */; };
		D200182E257C0AE300640118 /* Gradient.swift in Sources */ = {isa = PBXBuildFile; fileRef = D2001828257C0AE300640118 /* Gradient.swift */; };
		D200182F257C0AE300640118 /* Gradient.swift in Sources */ = {isa = PBXBuildFile; fileRef = D2001828257C0AE300640118 /* Gradient.swift */; };
		D2001830257C0AE300640118 /* Gradient.swift in Sources */ = {isa = PBXBuildFile; fileRef = D2001828257C0AE300640118 /* Gradient.swift */; };
		D2001831257C0AE300640118 /* Gradient.swift in Sources */ = {isa = PBXBuildFile; fileRef = D2001828257C0AE300640118 /* Gradient.swift */; };
		D2001832257C0AE300640118 /* ShinyView.swift in Sources */ = {isa = PBXBuildFile; fileRef = D2001829257C0AE300640118 /* ShinyView.swift */; };
		D2001833257C0AE300640118 /* ShinyView.swift in Sources */ = {isa = PBXBuildFile; fileRef = D2001829257C0AE300640118 /* ShinyView.swift */; };
		D2001834257C0AE300640118 /* ShinyView.swift in Sources */ = {isa = PBXBuildFile; fileRef = D2001829257C0AE300640118 /* ShinyView.swift */; };
		D2001835257C0AE300640118 /* ShinyView.swift in Sources */ = {isa = PBXBuildFile; fileRef = D2001829257C0AE300640118 /* ShinyView.swift */; };
		D205C46A25B0C30D0042C0D5 /* catchupLockScreenTests.swift in Sources */ = {isa = PBXBuildFile; fileRef = D205C46925B0C30D0042C0D5 /* catchupLockScreenTests.swift */; };
		D207FC5B258616740029B9C6 /* CatchupCell.swift in Sources */ = {isa = PBXBuildFile; fileRef = D207FC5A258616740029B9C6 /* CatchupCell.swift */; };
		D207FC5C258616740029B9C6 /* CatchupCell.swift in Sources */ = {isa = PBXBuildFile; fileRef = D207FC5A258616740029B9C6 /* CatchupCell.swift */; };
		D207FC5D258616740029B9C6 /* CatchupCell.swift in Sources */ = {isa = PBXBuildFile; fileRef = D207FC5A258616740029B9C6 /* CatchupCell.swift */; };
		D207FC63258616F90029B9C6 /* Formatter.swift in Sources */ = {isa = PBXBuildFile; fileRef = D207FC62258616F90029B9C6 /* Formatter.swift */; };
		D207FC64258616F90029B9C6 /* Formatter.swift in Sources */ = {isa = PBXBuildFile; fileRef = D207FC62258616F90029B9C6 /* Formatter.swift */; };
		D207FC65258616F90029B9C6 /* Formatter.swift in Sources */ = {isa = PBXBuildFile; fileRef = D207FC62258616F90029B9C6 /* Formatter.swift */; };
		D207FC66258616F90029B9C6 /* Formatter.swift in Sources */ = {isa = PBXBuildFile; fileRef = D207FC62258616F90029B9C6 /* Formatter.swift */; };
		D207FC6D25861EAC0029B9C6 /* Introspect in Frameworks */ = {isa = PBXBuildFile; productRef = D207FC6C25861EAC0029B9C6 /* Introspect */; };
		D207FC73258947E80029B9C6 /* IntroView.swift in Sources */ = {isa = PBXBuildFile; fileRef = D207FC72258947E80029B9C6 /* IntroView.swift */; };
		D207FC74258947E80029B9C6 /* IntroView.swift in Sources */ = {isa = PBXBuildFile; fileRef = D207FC72258947E80029B9C6 /* IntroView.swift */; };
		D207FC75258947E80029B9C6 /* IntroView.swift in Sources */ = {isa = PBXBuildFile; fileRef = D207FC72258947E80029B9C6 /* IntroView.swift */; };
		D207FC7B258973230029B9C6 /* EmptyUpcomingView.swift in Sources */ = {isa = PBXBuildFile; fileRef = D207FC7A258973230029B9C6 /* EmptyUpcomingView.swift */; };
		D207FC7C258973230029B9C6 /* EmptyUpcomingView.swift in Sources */ = {isa = PBXBuildFile; fileRef = D207FC7A258973230029B9C6 /* EmptyUpcomingView.swift */; };
		D207FC7D258973230029B9C6 /* EmptyUpcomingView.swift in Sources */ = {isa = PBXBuildFile; fileRef = D207FC7A258973230029B9C6 /* EmptyUpcomingView.swift */; };
		D207FC8325898F690029B9C6 /* CatchupAction.swift in Sources */ = {isa = PBXBuildFile; fileRef = D207FC8225898F690029B9C6 /* CatchupAction.swift */; };
		D207FC8425898F690029B9C6 /* CatchupAction.swift in Sources */ = {isa = PBXBuildFile; fileRef = D207FC8225898F690029B9C6 /* CatchupAction.swift */; };
		D207FC8525898F690029B9C6 /* CatchupAction.swift in Sources */ = {isa = PBXBuildFile; fileRef = D207FC8225898F690029B9C6 /* CatchupAction.swift */; };
		D207FC8625898F690029B9C6 /* CatchupAction.swift in Sources */ = {isa = PBXBuildFile; fileRef = D207FC8225898F690029B9C6 /* CatchupAction.swift */; };
		D207FC8C2589D90B0029B9C6 /* Buttons.swift in Sources */ = {isa = PBXBuildFile; fileRef = D207FC8B2589D90B0029B9C6 /* Buttons.swift */; };
		D207FC8D2589D90B0029B9C6 /* Buttons.swift in Sources */ = {isa = PBXBuildFile; fileRef = D207FC8B2589D90B0029B9C6 /* Buttons.swift */; };
		D207FC8E2589D90B0029B9C6 /* Buttons.swift in Sources */ = {isa = PBXBuildFile; fileRef = D207FC8B2589D90B0029B9C6 /* Buttons.swift */; };
		D207FC8F2589D90B0029B9C6 /* Buttons.swift in Sources */ = {isa = PBXBuildFile; fileRef = D207FC8B2589D90B0029B9C6 /* Buttons.swift */; };
		D2088E53258BC992009E7A9B /* AppState.swift in Sources */ = {isa = PBXBuildFile; fileRef = D2088E52258BC992009E7A9B /* AppState.swift */; };
		D2088E54258BC992009E7A9B /* AppState.swift in Sources */ = {isa = PBXBuildFile; fileRef = D2088E52258BC992009E7A9B /* AppState.swift */; };
		D2088E55258BC992009E7A9B /* AppState.swift in Sources */ = {isa = PBXBuildFile; fileRef = D2088E52258BC992009E7A9B /* AppState.swift */; };
		D2088E56258BC992009E7A9B /* AppState.swift in Sources */ = {isa = PBXBuildFile; fileRef = D2088E52258BC992009E7A9B /* AppState.swift */; };
		D2088E5C258BC9CE009E7A9B /* AppSettings.swift in Sources */ = {isa = PBXBuildFile; fileRef = D2088E5B258BC9CE009E7A9B /* AppSettings.swift */; };
		D2088E5D258BC9CE009E7A9B /* AppSettings.swift in Sources */ = {isa = PBXBuildFile; fileRef = D2088E5B258BC9CE009E7A9B /* AppSettings.swift */; };
		D2088E5E258BC9CE009E7A9B /* AppSettings.swift in Sources */ = {isa = PBXBuildFile; fileRef = D2088E5B258BC9CE009E7A9B /* AppSettings.swift */; };
		D2088E5F258BC9CE009E7A9B /* AppSettings.swift in Sources */ = {isa = PBXBuildFile; fileRef = D2088E5B258BC9CE009E7A9B /* AppSettings.swift */; };
		D2088E69258BCA24009E7A9B /* StartView.swift in Sources */ = {isa = PBXBuildFile; fileRef = D2088E68258BCA24009E7A9B /* StartView.swift */; };
		D2088E6A258BCA24009E7A9B /* StartView.swift in Sources */ = {isa = PBXBuildFile; fileRef = D2088E68258BCA24009E7A9B /* StartView.swift */; };
		D2088E6B258BCA24009E7A9B /* StartView.swift in Sources */ = {isa = PBXBuildFile; fileRef = D2088E68258BCA24009E7A9B /* StartView.swift */; };
		D2088E6C258BCA24009E7A9B /* StartView.swift in Sources */ = {isa = PBXBuildFile; fileRef = D2088E68258BCA24009E7A9B /* StartView.swift */; };
		D2088E71258BCA8C009E7A9B /* PageView.swift in Sources */ = {isa = PBXBuildFile; fileRef = DC99F6932442B17C000227D1 /* PageView.swift */; };
		D2088E72258BCA8C009E7A9B /* SwipeView.swift in Sources */ = {isa = PBXBuildFile; fileRef = DC99F6972442B2B5000227D1 /* SwipeView.swift */; };
		D2088E73258BCA8C009E7A9B /* CircleIndicator.swift in Sources */ = {isa = PBXBuildFile; fileRef = DC99F6952442B26D000227D1 /* CircleIndicator.swift */; };
		D2088E74258BCA8C009E7A9B /* PageContainerView.swift in Sources */ = {isa = PBXBuildFile; fileRef = DC99F6992442B347000227D1 /* PageContainerView.swift */; };
		D2088E79258BCA8D009E7A9B /* PageView.swift in Sources */ = {isa = PBXBuildFile; fileRef = DC99F6932442B17C000227D1 /* PageView.swift */; };
		D2088E7A258BCA8D009E7A9B /* SwipeView.swift in Sources */ = {isa = PBXBuildFile; fileRef = DC99F6972442B2B5000227D1 /* SwipeView.swift */; };
		D2088E7B258BCA8D009E7A9B /* CircleIndicator.swift in Sources */ = {isa = PBXBuildFile; fileRef = DC99F6952442B26D000227D1 /* CircleIndicator.swift */; };
		D2088E7C258BCA8D009E7A9B /* PageContainerView.swift in Sources */ = {isa = PBXBuildFile; fileRef = DC99F6992442B347000227D1 /* PageContainerView.swift */; };
		D2088E81258BCA90009E7A9B /* ContentView.swift in Sources */ = {isa = PBXBuildFile; fileRef = DC0D9E3023E270EC00383CE1 /* ContentView.swift */; };
		D2088E82258BCA90009E7A9B /* SettingsView.swift in Sources */ = {isa = PBXBuildFile; fileRef = DCABF9A323E603CA002B1727 /* SettingsView.swift */; };
		D2088E83258BCA90009E7A9B /* MessageComposeView.swift in Sources */ = {isa = PBXBuildFile; fileRef = DC8DE664240BAA64009363A6 /* MessageComposeView.swift */; };
		D2088E84258BCA90009E7A9B /* MainView.swift in Sources */ = {isa = PBXBuildFile; fileRef = DC975B29240B647D000E6D25 /* MainView.swift */; };
		D2088E85258BCA90009E7A9B /* DoubleSlider.swift in Sources */ = {isa = PBXBuildFile; fileRef = DC4BF3422427E48D00595CD8 /* DoubleSlider.swift */; };
		D2088E86258BCA90009E7A9B /* NewCatchupView.swift in Sources */ = {isa = PBXBuildFile; fileRef = DC57111623E40AAF00FFA866 /* NewCatchupView.swift */; };
		D2088E87258BCA90009E7A9B /* MailComposeView.swift in Sources */ = {isa = PBXBuildFile; fileRef = DC8DE662240BA0A6009363A6 /* MailComposeView.swift */; };
		D2088E8C258BCA90009E7A9B /* ContentView.swift in Sources */ = {isa = PBXBuildFile; fileRef = DC0D9E3023E270EC00383CE1 /* ContentView.swift */; };
		D2088E8D258BCA90009E7A9B /* SettingsView.swift in Sources */ = {isa = PBXBuildFile; fileRef = DCABF9A323E603CA002B1727 /* SettingsView.swift */; };
		D2088E8E258BCA90009E7A9B /* MessageComposeView.swift in Sources */ = {isa = PBXBuildFile; fileRef = DC8DE664240BAA64009363A6 /* MessageComposeView.swift */; };
		D2088E8F258BCA90009E7A9B /* MainView.swift in Sources */ = {isa = PBXBuildFile; fileRef = DC975B29240B647D000E6D25 /* MainView.swift */; };
		D2088E90258BCA90009E7A9B /* DoubleSlider.swift in Sources */ = {isa = PBXBuildFile; fileRef = DC4BF3422427E48D00595CD8 /* DoubleSlider.swift */; };
		D2088E91258BCA90009E7A9B /* NewCatchupView.swift in Sources */ = {isa = PBXBuildFile; fileRef = DC57111623E40AAF00FFA866 /* NewCatchupView.swift */; };
		D2088E92258BCA90009E7A9B /* MailComposeView.swift in Sources */ = {isa = PBXBuildFile; fileRef = DC8DE662240BA0A6009363A6 /* MailComposeView.swift */; };
		D2088E97258BCA95009E7A9B /* Clamp.swift in Sources */ = {isa = PBXBuildFile; fileRef = DC4BF34424280EE900595CD8 /* Clamp.swift */; };
		D2088E98258BCA95009E7A9B /* CombineCompatible.swift in Sources */ = {isa = PBXBuildFile; fileRef = DC22532823E5EAAA00A20AF8 /* CombineCompatible.swift */; };
		D2088E99258BCA95009E7A9B /* DebugNotificationsList.swift in Sources */ = {isa = PBXBuildFile; fileRef = DC677FC82448068500809FA7 /* DebugNotificationsList.swift */; };
		D2088E9A258BCA95009E7A9B /* Scheduler.swift in Sources */ = {isa = PBXBuildFile; fileRef = DC6B727B23EA38E800607A9D /* Scheduler.swift */; };
		D2088E9B258BCA95009E7A9B /* Debug.swift in Sources */ = {isa = PBXBuildFile; fileRef = DC5542A12424502C00119BE9 /* Debug.swift */; };
		D2088E9C258BCA95009E7A9B /* ViewControllerPublisher.swift in Sources */ = {isa = PBXBuildFile; fileRef = DC22532623E5E9BB00A20AF8 /* ViewControllerPublisher.swift */; };
		D2088E9D258BCA95009E7A9B /* ViewControllerSubscription.swift in Sources */ = {isa = PBXBuildFile; fileRef = DC22532423E5E7B200A20AF8 /* ViewControllerSubscription.swift */; };
		D2088E9E258BCA95009E7A9B /* Notifications.swift in Sources */ = {isa = PBXBuildFile; fileRef = DC139D3E23ECA0350065B138 /* Notifications.swift */; };
		D2088EA3258BCA96009E7A9B /* Clamp.swift in Sources */ = {isa = PBXBuildFile; fileRef = DC4BF34424280EE900595CD8 /* Clamp.swift */; };
		D2088EA4258BCA96009E7A9B /* CombineCompatible.swift in Sources */ = {isa = PBXBuildFile; fileRef = DC22532823E5EAAA00A20AF8 /* CombineCompatible.swift */; };
		D2088EA5258BCA96009E7A9B /* DebugNotificationsList.swift in Sources */ = {isa = PBXBuildFile; fileRef = DC677FC82448068500809FA7 /* DebugNotificationsList.swift */; };
		D2088EA6258BCA96009E7A9B /* Scheduler.swift in Sources */ = {isa = PBXBuildFile; fileRef = DC6B727B23EA38E800607A9D /* Scheduler.swift */; };
		D2088EA7258BCA96009E7A9B /* Debug.swift in Sources */ = {isa = PBXBuildFile; fileRef = DC5542A12424502C00119BE9 /* Debug.swift */; };
		D2088EA8258BCA96009E7A9B /* ViewControllerPublisher.swift in Sources */ = {isa = PBXBuildFile; fileRef = DC22532623E5E9BB00A20AF8 /* ViewControllerPublisher.swift */; };
		D2088EA9258BCA96009E7A9B /* ViewControllerSubscription.swift in Sources */ = {isa = PBXBuildFile; fileRef = DC22532423E5E7B200A20AF8 /* ViewControllerSubscription.swift */; };
		D2088EAA258BCA96009E7A9B /* Notifications.swift in Sources */ = {isa = PBXBuildFile; fileRef = DC139D3E23ECA0350065B138 /* Notifications.swift */; };
		D2088EAF258BCA99009E7A9B /* Touch.swift in Sources */ = {isa = PBXBuildFile; fileRef = DC0D9E6523E276AA00383CE1 /* Touch.swift */; };
		D2088EB0258BCA99009E7A9B /* Upcoming.swift in Sources */ = {isa = PBXBuildFile; fileRef = DC57111023E3FB9D00FFA866 /* Upcoming.swift */; };
		D2088EB1258BCA99009E7A9B /* Catchup.swift in Sources */ = {isa = PBXBuildFile; fileRef = DC0D9E5D23E2745900383CE1 /* Catchup.swift */; };
		D2088EB2258BCA99009E7A9B /* Slot.swift in Sources */ = {isa = PBXBuildFile; fileRef = DCDE2DE3243176E00036CEED /* Slot.swift */; };
		D2088EB7258BCA9A009E7A9B /* Touch.swift in Sources */ = {isa = PBXBuildFile; fileRef = DC0D9E6523E276AA00383CE1 /* Touch.swift */; };
		D2088EB8258BCA9A009E7A9B /* Upcoming.swift in Sources */ = {isa = PBXBuildFile; fileRef = DC57111023E3FB9D00FFA866 /* Upcoming.swift */; };
		D2088EB9258BCA9A009E7A9B /* Catchup.swift in Sources */ = {isa = PBXBuildFile; fileRef = DC0D9E5D23E2745900383CE1 /* Catchup.swift */; };
		D2088EBA258BCA9A009E7A9B /* Slot.swift in Sources */ = {isa = PBXBuildFile; fileRef = DCDE2DE3243176E00036CEED /* Slot.swift */; };
		D2088EBF258BCAA0009E7A9B /* Database.swift in Sources */ = {isa = PBXBuildFile; fileRef = DCF04BA023E3A86A00D433AB /* Database.swift */; };
		D2088EC0258BCAA0009E7A9B /* Migration.swift in Sources */ = {isa = PBXBuildFile; fileRef = DC99F68F2442A4CB000227D1 /* Migration.swift */; };
		D2088EC5258BCAA0009E7A9B /* Database.swift in Sources */ = {isa = PBXBuildFile; fileRef = DCF04BA023E3A86A00D433AB /* Database.swift */; };
		D2088EC6258BCAA0009E7A9B /* Migration.swift in Sources */ = {isa = PBXBuildFile; fileRef = DC99F68F2442A4CB000227D1 /* Migration.swift */; };
		D25BF50025A62E4300051CEE /* TopViewController.swift in Sources */ = {isa = PBXBuildFile; fileRef = D25BF4FF25A62E4300051CEE /* TopViewController.swift */; };
		D25BF50125A62E4300051CEE /* TopViewController.swift in Sources */ = {isa = PBXBuildFile; fileRef = D25BF4FF25A62E4300051CEE /* TopViewController.swift */; };
		D25BF50225A62E4300051CEE /* TopViewController.swift in Sources */ = {isa = PBXBuildFile; fileRef = D25BF4FF25A62E4300051CEE /* TopViewController.swift */; };
		D25BF50325A62E4300051CEE /* TopViewController.swift in Sources */ = {isa = PBXBuildFile; fileRef = D25BF4FF25A62E4300051CEE /* TopViewController.swift */; };
		D25BF50925A6594B00051CEE /* ActivityIndicator.swift in Sources */ = {isa = PBXBuildFile; fileRef = D25BF50825A6594B00051CEE /* ActivityIndicator.swift */; };
		D25BF50A25A6594B00051CEE /* ActivityIndicator.swift in Sources */ = {isa = PBXBuildFile; fileRef = D25BF50825A6594B00051CEE /* ActivityIndicator.swift */; };
		D25BF50B25A6594B00051CEE /* ActivityIndicator.swift in Sources */ = {isa = PBXBuildFile; fileRef = D25BF50825A6594B00051CEE /* ActivityIndicator.swift */; };
		D25BF50C25A6594C00051CEE /* ActivityIndicator.swift in Sources */ = {isa = PBXBuildFile; fileRef = D25BF50825A6594B00051CEE /* ActivityIndicator.swift */; };
		D25BF51225A6760700051CEE /* DebugDatabaseView.swift in Sources */ = {isa = PBXBuildFile; fileRef = D25BF51125A6760700051CEE /* DebugDatabaseView.swift */; };
		D25BF51325A6760700051CEE /* DebugDatabaseView.swift in Sources */ = {isa = PBXBuildFile; fileRef = D25BF51125A6760700051CEE /* DebugDatabaseView.swift */; };
		D25BF51425A6760700051CEE /* DebugDatabaseView.swift in Sources */ = {isa = PBXBuildFile; fileRef = D25BF51125A6760700051CEE /* DebugDatabaseView.swift */; };
		D25BF51525A6760700051CEE /* DebugDatabaseView.swift in Sources */ = {isa = PBXBuildFile; fileRef = D25BF51125A6760700051CEE /* DebugDatabaseView.swift */; };
		D25BF51B25A695B800051CEE /* DebugCompareCatchupsToNotifications.swift in Sources */ = {isa = PBXBuildFile; fileRef = D25BF51A25A695B800051CEE /* DebugCompareCatchupsToNotifications.swift */; };
		D25BF51C25A695B800051CEE /* DebugCompareCatchupsToNotifications.swift in Sources */ = {isa = PBXBuildFile; fileRef = D25BF51A25A695B800051CEE /* DebugCompareCatchupsToNotifications.swift */; };
		D25BF51D25A695B800051CEE /* DebugCompareCatchupsToNotifications.swift in Sources */ = {isa = PBXBuildFile; fileRef = D25BF51A25A695B800051CEE /* DebugCompareCatchupsToNotifications.swift */; };
		D25BF51E25A695B800051CEE /* DebugCompareCatchupsToNotifications.swift in Sources */ = {isa = PBXBuildFile; fileRef = D25BF51A25A695B800051CEE /* DebugCompareCatchupsToNotifications.swift */; };
		D29A8815258BCB4E00B2CC14 /* SQLite in Frameworks */ = {isa = PBXBuildFile; productRef = D29A8814258BCB4E00B2CC14 /* SQLite */; };
		D29A881A258BCB7400B2CC14 /* CNContactDisplayExtension.swift in Sources */ = {isa = PBXBuildFile; fileRef = DC2015F023E8BC410019BCD6 /* CNContactDisplayExtension.swift */; };
		D29A881F258BCB7400B2CC14 /* CNContactDisplayExtension.swift in Sources */ = {isa = PBXBuildFile; fileRef = DC2015F023E8BC410019BCD6 /* CNContactDisplayExtension.swift */; };
		D29A8824258BCB7C00B2CC14 /* ContactPickerViewControllerWrapper.swift in Sources */ = {isa = PBXBuildFile; fileRef = DC4043C423E4B520007D4BD1 /* ContactPickerViewControllerWrapper.swift */; };
		D29A8825258BCB7C00B2CC14 /* ContactPickerViewController.swift in Sources */ = {isa = PBXBuildFile; fileRef = DC57110C23E3F31200FFA866 /* ContactPickerViewController.swift */; };
		D29A882A258BCB7D00B2CC14 /* ContactPickerViewControllerWrapper.swift in Sources */ = {isa = PBXBuildFile; fileRef = DC4043C423E4B520007D4BD1 /* ContactPickerViewControllerWrapper.swift */; };
		D29A882B258BCB7D00B2CC14 /* ContactPickerViewController.swift in Sources */ = {isa = PBXBuildFile; fileRef = DC57110C23E3F31200FFA866 /* ContactPickerViewController.swift */; };
		D29A8831258BCC0300B2CC14 /* SQLite in Frameworks */ = {isa = PBXBuildFile; productRef = D29A8830258BCC0300B2CC14 /* SQLite */; };
		D29A883D258BCC3300B2CC14 /* Promises in Frameworks */ = {isa = PBXBuildFile; productRef = D29A883C258BCC3300B2CC14 /* Promises */; };
		D29A883F258BCC3800B2CC14 /* Promises in Frameworks */ = {isa = PBXBuildFile; productRef = D29A883E258BCC3800B2CC14 /* Promises */; };
		D29A8844258BCC5600B2CC14 /* FirebaseCore.xcframework in Frameworks */ = {isa = PBXBuildFile; fileRef = DC79829225041ACB00D260F5 /* FirebaseCore.xcframework */; };
		D29A8845258BCC5600B2CC14 /* FirebaseCoreDiagnostics.xcframework in Frameworks */ = {isa = PBXBuildFile; fileRef = DC79829525041ACC00D260F5 /* FirebaseCoreDiagnostics.xcframework */; };
		D29A8846258BCC5600B2CC14 /* FirebaseInstallations.xcframework in Frameworks */ = {isa = PBXBuildFile; fileRef = DC79829725041ACC00D260F5 /* FirebaseInstallations.xcframework */; };
		D29A8847258BCC5600B2CC14 /* GoogleDataTransport.xcframework in Frameworks */ = {isa = PBXBuildFile; fileRef = DC79829425041ACC00D260F5 /* GoogleDataTransport.xcframework */; };
		D29A8848258BCC5600B2CC14 /* GoogleUtilities.xcframework in Frameworks */ = {isa = PBXBuildFile; fileRef = DC79829025041AC900D260F5 /* GoogleUtilities.xcframework */; };
		D29A8849258BCC5600B2CC14 /* nanopb.xcframework in Frameworks */ = {isa = PBXBuildFile; fileRef = DC79828F25041AC900D260F5 /* nanopb.xcframework */; };
		D29A884E258BCC5C00B2CC14 /* FirebaseCore.xcframework in Frameworks */ = {isa = PBXBuildFile; fileRef = DC79829225041ACB00D260F5 /* FirebaseCore.xcframework */; };
		D29A884F258BCC5C00B2CC14 /* FirebaseCoreDiagnostics.xcframework in Frameworks */ = {isa = PBXBuildFile; fileRef = DC79829525041ACC00D260F5 /* FirebaseCoreDiagnostics.xcframework */; };
		D29A8850258BCC5C00B2CC14 /* FirebaseInstallations.xcframework in Frameworks */ = {isa = PBXBuildFile; fileRef = DC79829725041ACC00D260F5 /* FirebaseInstallations.xcframework */; };
		D29A8851258BCC5C00B2CC14 /* GoogleDataTransport.xcframework in Frameworks */ = {isa = PBXBuildFile; fileRef = DC79829425041ACC00D260F5 /* GoogleDataTransport.xcframework */; };
		D29A8852258BCC5C00B2CC14 /* GoogleUtilities.xcframework in Frameworks */ = {isa = PBXBuildFile; fileRef = DC79829025041AC900D260F5 /* GoogleUtilities.xcframework */; };
		D29A8853258BCC5D00B2CC14 /* nanopb.xcframework in Frameworks */ = {isa = PBXBuildFile; fileRef = DC79828F25041AC900D260F5 /* nanopb.xcframework */; };
		D29A886C258BCD3A00B2CC14 /* FIRAnalyticsConnector.framework in Frameworks */ = {isa = PBXBuildFile; fileRef = DC79829625041ACC00D260F5 /* FIRAnalyticsConnector.framework */; };
		D29A886D258BCD3B00B2CC14 /* FIRAnalyticsConnector.framework in Frameworks */ = {isa = PBXBuildFile; fileRef = DC79829625041ACC00D260F5 /* FIRAnalyticsConnector.framework */; };
		D29A886E258BCD3D00B2CC14 /* FirebaseAnalytics.framework in Frameworks */ = {isa = PBXBuildFile; fileRef = DC79829325041ACB00D260F5 /* FirebaseAnalytics.framework */; };
		D29A886F258BCD3E00B2CC14 /* FirebaseAnalytics.framework in Frameworks */ = {isa = PBXBuildFile; fileRef = DC79829325041ACB00D260F5 /* FirebaseAnalytics.framework */; };
		D29A8870258BCD4300B2CC14 /* GoogleAppMeasurement.framework in Frameworks */ = {isa = PBXBuildFile; fileRef = DC79829125041ACB00D260F5 /* GoogleAppMeasurement.framework */; };
		D29A8871258BCD4300B2CC14 /* GoogleAppMeasurement.framework in Frameworks */ = {isa = PBXBuildFile; fileRef = DC79829125041ACB00D260F5 /* GoogleAppMeasurement.framework */; };
		D29A887C258BD5CA00B2CC14 /* CatchupLimit.swift in Sources */ = {isa = PBXBuildFile; fileRef = D29A887B258BD5CA00B2CC14 /* CatchupLimit.swift */; };
		D29A887D258BD5CA00B2CC14 /* CatchupLimit.swift in Sources */ = {isa = PBXBuildFile; fileRef = D29A887B258BD5CA00B2CC14 /* CatchupLimit.swift */; };
		D29A887E258BD5CA00B2CC14 /* CatchupLimit.swift in Sources */ = {isa = PBXBuildFile; fileRef = D29A887B258BD5CA00B2CC14 /* CatchupLimit.swift */; };
		D29A887F258BD5CA00B2CC14 /* CatchupLimit.swift in Sources */ = {isa = PBXBuildFile; fileRef = D29A887B258BD5CA00B2CC14 /* CatchupLimit.swift */; };
		D29A88B42591641200B2CC14 /* ShowTaps.swift in Sources */ = {isa = PBXBuildFile; fileRef = D29A88B32591641200B2CC14 /* ShowTaps.swift */; };
		D29A88B52591641200B2CC14 /* ShowTaps.swift in Sources */ = {isa = PBXBuildFile; fileRef = D29A88B32591641200B2CC14 /* ShowTaps.swift */; };
		D29A88B62591641200B2CC14 /* ShowTaps.swift in Sources */ = {isa = PBXBuildFile; fileRef = D29A88B32591641200B2CC14 /* ShowTaps.swift */; };
		DC0D9E2D23E270EC00383CE1 /* AppDelegate.swift in Sources */ = {isa = PBXBuildFile; fileRef = DC0D9E2C23E270EC00383CE1 /* AppDelegate.swift */; };
		DC0D9E3123E270EC00383CE1 /* ContentView.swift in Sources */ = {isa = PBXBuildFile; fileRef = DC0D9E3023E270EC00383CE1 /* ContentView.swift */; };
		DC0D9E3323E270F300383CE1 /* Assets.xcassets in Resources */ = {isa = PBXBuildFile; fileRef = DC0D9E3223E270F300383CE1 /* Assets.xcassets */; };
		DC0D9E3623E270F300383CE1 /* Preview Assets.xcassets in Resources */ = {isa = PBXBuildFile; fileRef = DC0D9E3523E270F300383CE1 /* Preview Assets.xcassets */; };
		DC0D9E3923E270F300383CE1 /* LaunchScreen.storyboard in Resources */ = {isa = PBXBuildFile; fileRef = DC0D9E3723E270F300383CE1 /* LaunchScreen.storyboard */; };
		DC0D9E5E23E2745900383CE1 /* Catchup.swift in Sources */ = {isa = PBXBuildFile; fileRef = DC0D9E5D23E2745900383CE1 /* Catchup.swift */; };
		DC0D9E6223E2758600383CE1 /* ContactMethod.swift in Sources */ = {isa = PBXBuildFile; fileRef = DC0D9E6123E2758600383CE1 /* ContactMethod.swift */; };
		DC0D9E6623E276AA00383CE1 /* Touch.swift in Sources */ = {isa = PBXBuildFile; fileRef = DC0D9E6523E276AA00383CE1 /* Touch.swift */; };
		DC0D9E6A23E27D7100383CE1 /* Intervals.swift in Sources */ = {isa = PBXBuildFile; fileRef = DC0D9E6923E27D7100383CE1 /* Intervals.swift */; };
		DC139D3F23ECA0350065B138 /* Notifications.swift in Sources */ = {isa = PBXBuildFile; fileRef = DC139D3E23ECA0350065B138 /* Notifications.swift */; };
		DC139D4023ECA0430065B138 /* Notifications.swift in Sources */ = {isa = PBXBuildFile; fileRef = DC139D3E23ECA0350065B138 /* Notifications.swift */; };
		DC153CC523EBE1FB004533AD /* Database.swift in Sources */ = {isa = PBXBuildFile; fileRef = DCF04BA023E3A86A00D433AB /* Database.swift */; };
		DC153CC923EBE242004533AD /* Catchup.swift in Sources */ = {isa = PBXBuildFile; fileRef = DC0D9E5D23E2745900383CE1 /* Catchup.swift */; };
		DC153CCA23EBE24C004533AD /* ContactMethod.swift in Sources */ = {isa = PBXBuildFile; fileRef = DC0D9E6123E2758600383CE1 /* ContactMethod.swift */; };
		DC153CCB23EBE257004533AD /* Intervals.swift in Sources */ = {isa = PBXBuildFile; fileRef = DC0D9E6923E27D7100383CE1 /* Intervals.swift */; };
		DC153CCC23ED351E004533AD /* CNContactDisplayExtension.swift in Sources */ = {isa = PBXBuildFile; fileRef = DC2015F023E8BC410019BCD6 /* CNContactDisplayExtension.swift */; };
		DC2015F123E8BC410019BCD6 /* CNContactDisplayExtension.swift in Sources */ = {isa = PBXBuildFile; fileRef = DC2015F023E8BC410019BCD6 /* CNContactDisplayExtension.swift */; };
		DC22532523E5E7B200A20AF8 /* ViewControllerSubscription.swift in Sources */ = {isa = PBXBuildFile; fileRef = DC22532423E5E7B200A20AF8 /* ViewControllerSubscription.swift */; };
		DC22532723E5E9BB00A20AF8 /* ViewControllerPublisher.swift in Sources */ = {isa = PBXBuildFile; fileRef = DC22532623E5E9BB00A20AF8 /* ViewControllerPublisher.swift */; };
		DC22532923E5EAAA00A20AF8 /* CombineCompatible.swift in Sources */ = {isa = PBXBuildFile; fileRef = DC22532823E5EAAA00A20AF8 /* CombineCompatible.swift */; };
		DC281EFD250450A100E1826A /* Analytics.swift in Sources */ = {isa = PBXBuildFile; fileRef = DCDBC28825042EA10016EDDA /* Analytics.swift */; };
		DC281EFE250450A300E1826A /* Analytics.swift in Sources */ = {isa = PBXBuildFile; fileRef = DCDBC28825042EA10016EDDA /* Analytics.swift */; };
		DC281EFF250450A300E1826A /* Analytics.swift in Sources */ = {isa = PBXBuildFile; fileRef = DCDBC28825042EA10016EDDA /* Analytics.swift */; };
		DC4043C523E4B520007D4BD1 /* ContactPickerViewControllerWrapper.swift in Sources */ = {isa = PBXBuildFile; fileRef = DC4043C423E4B520007D4BD1 /* ContactPickerViewControllerWrapper.swift */; };
		DC4BF3432427E48D00595CD8 /* DoubleSlider.swift in Sources */ = {isa = PBXBuildFile; fileRef = DC4BF3422427E48D00595CD8 /* DoubleSlider.swift */; };
		DC4BF34524280EE900595CD8 /* Clamp.swift in Sources */ = {isa = PBXBuildFile; fileRef = DC4BF34424280EE900595CD8 /* Clamp.swift */; };
		DC4F16B923EBA13600785223 /* SchedulerTests.swift in Sources */ = {isa = PBXBuildFile; fileRef = DC4F16B823EBA13600785223 /* SchedulerTests.swift */; };
		DC4F16BA23EBA19700785223 /* Scheduler.swift in Sources */ = {isa = PBXBuildFile; fileRef = DC6B727B23EA38E800607A9D /* Scheduler.swift */; };
		DC5542A22424502C00119BE9 /* Debug.swift in Sources */ = {isa = PBXBuildFile; fileRef = DC5542A12424502C00119BE9 /* Debug.swift */; };
		DC57110D23E3F31200FFA866 /* ContactPickerViewController.swift in Sources */ = {isa = PBXBuildFile; fileRef = DC57110C23E3F31200FFA866 /* ContactPickerViewController.swift */; };
		DC57111123E3FB9D00FFA866 /* Upcoming.swift in Sources */ = {isa = PBXBuildFile; fileRef = DC57111023E3FB9D00FFA866 /* Upcoming.swift */; };
		DC57111723E40AAF00FFA866 /* NewCatchupView.swift in Sources */ = {isa = PBXBuildFile; fileRef = DC57111623E40AAF00FFA866 /* NewCatchupView.swift */; };
		DC677FC92448068500809FA7 /* DebugNotificationsList.swift in Sources */ = {isa = PBXBuildFile; fileRef = DC677FC82448068500809FA7 /* DebugNotificationsList.swift */; };
		DC6B727C23EA38E800607A9D /* Scheduler.swift in Sources */ = {isa = PBXBuildFile; fileRef = DC6B727B23EA38E800607A9D /* Scheduler.swift */; };
		DC79829825041ACC00D260F5 /* nanopb.xcframework in Frameworks */ = {isa = PBXBuildFile; fileRef = DC79828F25041AC900D260F5 /* nanopb.xcframework */; };
		DC79829925041ACC00D260F5 /* GoogleUtilities.xcframework in Frameworks */ = {isa = PBXBuildFile; fileRef = DC79829025041AC900D260F5 /* GoogleUtilities.xcframework */; };
		DC79829A25041ACC00D260F5 /* GoogleAppMeasurement.framework in Frameworks */ = {isa = PBXBuildFile; fileRef = DC79829125041ACB00D260F5 /* GoogleAppMeasurement.framework */; };
		DC79829B25041ACD00D260F5 /* FirebaseCore.xcframework in Frameworks */ = {isa = PBXBuildFile; fileRef = DC79829225041ACB00D260F5 /* FirebaseCore.xcframework */; };
		DC79829C25041ACD00D260F5 /* FirebaseAnalytics.framework in Frameworks */ = {isa = PBXBuildFile; fileRef = DC79829325041ACB00D260F5 /* FirebaseAnalytics.framework */; };
		DC79829D25041ACD00D260F5 /* GoogleDataTransport.xcframework in Frameworks */ = {isa = PBXBuildFile; fileRef = DC79829425041ACC00D260F5 /* GoogleDataTransport.xcframework */; };
		DC79829E25041ACD00D260F5 /* FirebaseCoreDiagnostics.xcframework in Frameworks */ = {isa = PBXBuildFile; fileRef = DC79829525041ACC00D260F5 /* FirebaseCoreDiagnostics.xcframework */; };
		DC79829F25041ACD00D260F5 /* FIRAnalyticsConnector.framework in Frameworks */ = {isa = PBXBuildFile; fileRef = DC79829625041ACC00D260F5 /* FIRAnalyticsConnector.framework */; };
		DC7982A025041ACD00D260F5 /* FirebaseInstallations.xcframework in Frameworks */ = {isa = PBXBuildFile; fileRef = DC79829725041ACC00D260F5 /* FirebaseInstallations.xcframework */; };
		DC8DE663240BA0A6009363A6 /* MailComposeView.swift in Sources */ = {isa = PBXBuildFile; fileRef = DC8DE662240BA0A6009363A6 /* MailComposeView.swift */; };
		DC8DE665240BAA65009363A6 /* MessageComposeView.swift in Sources */ = {isa = PBXBuildFile; fileRef = DC8DE664240BAA64009363A6 /* MessageComposeView.swift */; };
		DC93AC1E2503FF2000B0BDB1 /* DatabaseTests.swift in Sources */ = {isa = PBXBuildFile; fileRef = DC93AC1D2503FF2000B0BDB1 /* DatabaseTests.swift */; };
		DC975B27240B6312000E6D25 /* SceneDelegate.swift in Sources */ = {isa = PBXBuildFile; fileRef = DC975B26240B6312000E6D25 /* SceneDelegate.swift */; };
		DC975B2A240B647D000E6D25 /* MainView.swift in Sources */ = {isa = PBXBuildFile; fileRef = DC975B29240B647D000E6D25 /* MainView.swift */; };
		DC99F68C24429D6B000227D1 /* Slot.swift in Sources */ = {isa = PBXBuildFile; fileRef = DCDE2DE3243176E00036CEED /* Slot.swift */; };
		DC99F6902442A4CB000227D1 /* Migration.swift in Sources */ = {isa = PBXBuildFile; fileRef = DC99F68F2442A4CB000227D1 /* Migration.swift */; };
		DC99F6912442A4CB000227D1 /* Migration.swift in Sources */ = {isa = PBXBuildFile; fileRef = DC99F68F2442A4CB000227D1 /* Migration.swift */; };
		DC99F6942442B17C000227D1 /* PageView.swift in Sources */ = {isa = PBXBuildFile; fileRef = DC99F6932442B17C000227D1 /* PageView.swift */; };
		DC99F6962442B26D000227D1 /* CircleIndicator.swift in Sources */ = {isa = PBXBuildFile; fileRef = DC99F6952442B26D000227D1 /* CircleIndicator.swift */; };
		DC99F6982442B2B5000227D1 /* SwipeView.swift in Sources */ = {isa = PBXBuildFile; fileRef = DC99F6972442B2B5000227D1 /* SwipeView.swift */; };
		DC99F69A2442B347000227D1 /* PageContainerView.swift in Sources */ = {isa = PBXBuildFile; fileRef = DC99F6992442B347000227D1 /* PageContainerView.swift */; };
		DCA9D657244B7CED0071DE47 /* ContactMethod.swift in Sources */ = {isa = PBXBuildFile; fileRef = DC0D9E6123E2758600383CE1 /* ContactMethod.swift */; };
		DCA9D658244B7D030071DE47 /* Intervals.swift in Sources */ = {isa = PBXBuildFile; fileRef = DC0D9E6923E27D7100383CE1 /* Intervals.swift */; };
		DCABF9A423E603CA002B1727 /* SettingsView.swift in Sources */ = {isa = PBXBuildFile; fileRef = DCABF9A323E603CA002B1727 /* SettingsView.swift */; };
		DCDBC28725041BF10016EDDA /* GoogleService-Info.plist in Resources */ = {isa = PBXBuildFile; fileRef = DC7982A125041ADA00D260F5 /* GoogleService-Info.plist */; };
		DCDBC28925042EA10016EDDA /* Analytics.swift in Sources */ = {isa = PBXBuildFile; fileRef = DCDBC28825042EA10016EDDA /* Analytics.swift */; };
		DCDC615B24AC51A300BD4337 /* maxCatchupsTest.swift in Sources */ = {isa = PBXBuildFile; fileRef = DCDC615A24AC51A300BD4337 /* maxCatchupsTest.swift */; };
		DCDC616A24AC554F00BD4337 /* catchupSnapshotTests.swift in Sources */ = {isa = PBXBuildFile; fileRef = DC0D9E4E23E270F300383CE1 /* catchupSnapshotTests.swift */; };
		DCDC616B24AC555200BD4337 /* SnapshotHelper.swift in Sources */ = {isa = PBXBuildFile; fileRef = DCBD38BD240D03A50027628A /* SnapshotHelper.swift */; };
		DCDC616D24AC555C00BD4337 /* TestHelpers.swift in Sources */ = {isa = PBXBuildFile; fileRef = DCA9D659244B90EF0071DE47 /* TestHelpers.swift */; };
		DCDC616E24AC555E00BD4337 /* TestHelpers.swift in Sources */ = {isa = PBXBuildFile; fileRef = DCA9D659244B90EF0071DE47 /* TestHelpers.swift */; };
		DCDC616F24AC564D00BD4337 /* Intervals.swift in Sources */ = {isa = PBXBuildFile; fileRef = DC0D9E6923E27D7100383CE1 /* Intervals.swift */; };
		DCDC617024AC565400BD4337 /* ContactMethod.swift in Sources */ = {isa = PBXBuildFile; fileRef = DC0D9E6123E2758600383CE1 /* ContactMethod.swift */; };
		DCDE2DE4243176E00036CEED /* Slot.swift in Sources */ = {isa = PBXBuildFile; fileRef = DCDE2DE3243176E00036CEED /* Slot.swift */; };
		DCF04B9F23E3A7AE00D433AB /* SQLite in Frameworks */ = {isa = PBXBuildFile; productRef = DCF04B9E23E3A7AE00D433AB /* SQLite */; };
		DCF04BA123E3A86A00D433AB /* Database.swift in Sources */ = {isa = PBXBuildFile; fileRef = DCF04BA023E3A86A00D433AB /* Database.swift */; };
		DCFF5E9F23F22654008F48CA /* Promises in Frameworks */ = {isa = PBXBuildFile; productRef = DCFF5E9E23F22654008F48CA /* Promises */; };
/* End PBXBuildFile section */

/* Begin PBXContainerItemProxy section */
		DC0D9E4B23E270F300383CE1 /* PBXContainerItemProxy */ = {
			isa = PBXContainerItemProxy;
			containerPortal = DC0D9E2123E270EC00383CE1 /* Project object */;
			proxyType = 1;
			remoteGlobalIDString = DC0D9E2823E270EC00383CE1;
			remoteInfo = catchup;
		};
		DC99F68A24429C93000227D1 /* PBXContainerItemProxy */ = {
			isa = PBXContainerItemProxy;
			containerPortal = DC0D9E2123E270EC00383CE1 /* Project object */;
			proxyType = 1;
			remoteGlobalIDString = DC0D9E2823E270EC00383CE1;
			remoteInfo = catchup;
		};
		DCDC616524AC554900BD4337 /* PBXContainerItemProxy */ = {
			isa = PBXContainerItemProxy;
			containerPortal = DC0D9E2123E270EC00383CE1 /* Project object */;
			proxyType = 1;
			remoteGlobalIDString = DC0D9E2823E270EC00383CE1;
			remoteInfo = catchup;
		};
/* End PBXContainerItemProxy section */

/* Begin PBXFileReference section */
		D2001827257C0AE300640118 /* MotionManager.swift */ = {isa = PBXFileReference; fileEncoding = 4; lastKnownFileType = sourcecode.swift; path = MotionManager.swift; sourceTree = "<group>"; };
		D2001828257C0AE300640118 /* Gradient.swift */ = {isa = PBXFileReference; fileEncoding = 4; lastKnownFileType = sourcecode.swift; path = Gradient.swift; sourceTree = "<group>"; };
		D2001829257C0AE300640118 /* ShinyView.swift */ = {isa = PBXFileReference; fileEncoding = 4; lastKnownFileType = sourcecode.swift; path = ShinyView.swift; sourceTree = "<group>"; };
		D205C46925B0C30D0042C0D5 /* catchupLockScreenTests.swift */ = {isa = PBXFileReference; lastKnownFileType = sourcecode.swift; path = catchupLockScreenTests.swift; sourceTree = "<group>"; };
		D207FC5A258616740029B9C6 /* CatchupCell.swift */ = {isa = PBXFileReference; lastKnownFileType = sourcecode.swift; path = CatchupCell.swift; sourceTree = "<group>"; };
		D207FC62258616F90029B9C6 /* Formatter.swift */ = {isa = PBXFileReference; lastKnownFileType = sourcecode.swift; path = Formatter.swift; sourceTree = "<group>"; };
		D207FC72258947E80029B9C6 /* IntroView.swift */ = {isa = PBXFileReference; lastKnownFileType = sourcecode.swift; path = IntroView.swift; sourceTree = "<group>"; };
		D207FC7A258973230029B9C6 /* EmptyUpcomingView.swift */ = {isa = PBXFileReference; lastKnownFileType = sourcecode.swift; path = EmptyUpcomingView.swift; sourceTree = "<group>"; };
		D207FC8225898F690029B9C6 /* CatchupAction.swift */ = {isa = PBXFileReference; lastKnownFileType = sourcecode.swift; path = CatchupAction.swift; sourceTree = "<group>"; };
		D207FC8B2589D90B0029B9C6 /* Buttons.swift */ = {isa = PBXFileReference; fileEncoding = 4; lastKnownFileType = sourcecode.swift; path = Buttons.swift; sourceTree = "<group>"; };
		D2088E52258BC992009E7A9B /* AppState.swift */ = {isa = PBXFileReference; lastKnownFileType = sourcecode.swift; path = AppState.swift; sourceTree = "<group>"; };
		D2088E5B258BC9CE009E7A9B /* AppSettings.swift */ = {isa = PBXFileReference; fileEncoding = 4; lastKnownFileType = sourcecode.swift; path = AppSettings.swift; sourceTree = "<group>"; };
		D2088E68258BCA24009E7A9B /* StartView.swift */ = {isa = PBXFileReference; lastKnownFileType = sourcecode.swift; path = StartView.swift; sourceTree = "<group>"; };
		D25BF4FF25A62E4300051CEE /* TopViewController.swift */ = {isa = PBXFileReference; lastKnownFileType = sourcecode.swift; name = TopViewController.swift; path = catchup/views/TopViewController.swift; sourceTree = SOURCE_ROOT; };
		D25BF50825A6594B00051CEE /* ActivityIndicator.swift */ = {isa = PBXFileReference; lastKnownFileType = sourcecode.swift; path = ActivityIndicator.swift; sourceTree = "<group>"; };
		D25BF51125A6760700051CEE /* DebugDatabaseView.swift */ = {isa = PBXFileReference; lastKnownFileType = sourcecode.swift; path = DebugDatabaseView.swift; sourceTree = "<group>"; };
		D25BF51A25A695B800051CEE /* DebugCompareCatchupsToNotifications.swift */ = {isa = PBXFileReference; lastKnownFileType = sourcecode.swift; path = DebugCompareCatchupsToNotifications.swift; sourceTree = "<group>"; };
		D29A8876258BCFA200B2CC14 /* test_contacts.vcf */ = {isa = PBXFileReference; lastKnownFileType = text; path = test_contacts.vcf; sourceTree = "<group>"; };
		D29A887B258BD5CA00B2CC14 /* CatchupLimit.swift */ = {isa = PBXFileReference; lastKnownFileType = sourcecode.swift; path = CatchupLimit.swift; sourceTree = "<group>"; };
		D29A889C258EEC1900B2CC14 /* Framefile.json */ = {isa = PBXFileReference; lastKnownFileType = text.json; name = Framefile.json; path = screenshots/Framefile.json; sourceTree = SOURCE_ROOT; };
		D29A88B32591641200B2CC14 /* ShowTaps.swift */ = {isa = PBXFileReference; lastKnownFileType = sourcecode.swift; path = ShowTaps.swift; sourceTree = "<group>"; };
		DC0D9E2923E270EC00383CE1 /* Ketchup.app */ = {isa = PBXFileReference; explicitFileType = wrapper.application; includeInIndex = 0; path = Ketchup.app; sourceTree = BUILT_PRODUCTS_DIR; };
		DC0D9E2C23E270EC00383CE1 /* AppDelegate.swift */ = {isa = PBXFileReference; lastKnownFileType = sourcecode.swift; path = AppDelegate.swift; sourceTree = "<group>"; };
		DC0D9E3023E270EC00383CE1 /* ContentView.swift */ = {isa = PBXFileReference; lastKnownFileType = sourcecode.swift; path = ContentView.swift; sourceTree = "<group>"; };
		DC0D9E3223E270F300383CE1 /* Assets.xcassets */ = {isa = PBXFileReference; lastKnownFileType = folder.assetcatalog; path = Assets.xcassets; sourceTree = "<group>"; };
		DC0D9E3523E270F300383CE1 /* Preview Assets.xcassets */ = {isa = PBXFileReference; lastKnownFileType = folder.assetcatalog; path = "Preview Assets.xcassets"; sourceTree = "<group>"; };
		DC0D9E3823E270F300383CE1 /* Base */ = {isa = PBXFileReference; lastKnownFileType = file.storyboard; name = Base; path = Base.lproj/LaunchScreen.storyboard; sourceTree = "<group>"; };
		DC0D9E3A23E270F300383CE1 /* Info.plist */ = {isa = PBXFileReference; lastKnownFileType = text.plist.xml; path = Info.plist; sourceTree = "<group>"; };
		DC0D9E3F23E270F300383CE1 /* catchupTests.xctest */ = {isa = PBXFileReference; explicitFileType = wrapper.cfbundle; includeInIndex = 0; path = catchupTests.xctest; sourceTree = BUILT_PRODUCTS_DIR; };
		DC0D9E4523E270F300383CE1 /* Info.plist */ = {isa = PBXFileReference; lastKnownFileType = text.plist.xml; path = Info.plist; sourceTree = "<group>"; };
		DC0D9E4A23E270F300383CE1 /* catchupUITests.xctest */ = {isa = PBXFileReference; explicitFileType = wrapper.cfbundle; includeInIndex = 0; path = catchupUITests.xctest; sourceTree = BUILT_PRODUCTS_DIR; };
		DC0D9E4E23E270F300383CE1 /* catchupSnapshotTests.swift */ = {isa = PBXFileReference; lastKnownFileType = sourcecode.swift; path = catchupSnapshotTests.swift; sourceTree = "<group>"; };
		DC0D9E5023E270F300383CE1 /* Info.plist */ = {isa = PBXFileReference; lastKnownFileType = text.plist.xml; path = Info.plist; sourceTree = "<group>"; };
		DC0D9E5D23E2745900383CE1 /* Catchup.swift */ = {isa = PBXFileReference; lastKnownFileType = sourcecode.swift; path = Catchup.swift; sourceTree = "<group>"; };
		DC0D9E6123E2758600383CE1 /* ContactMethod.swift */ = {isa = PBXFileReference; lastKnownFileType = sourcecode.swift; path = ContactMethod.swift; sourceTree = "<group>"; };
		DC0D9E6523E276AA00383CE1 /* Touch.swift */ = {isa = PBXFileReference; lastKnownFileType = sourcecode.swift; path = Touch.swift; sourceTree = "<group>"; };
		DC0D9E6923E27D7100383CE1 /* Intervals.swift */ = {isa = PBXFileReference; lastKnownFileType = sourcecode.swift; path = Intervals.swift; sourceTree = "<group>"; };
		DC139D3E23ECA0350065B138 /* Notifications.swift */ = {isa = PBXFileReference; lastKnownFileType = sourcecode.swift; path = Notifications.swift; sourceTree = "<group>"; };
		DC2015F023E8BC410019BCD6 /* CNContactDisplayExtension.swift */ = {isa = PBXFileReference; lastKnownFileType = sourcecode.swift; path = CNContactDisplayExtension.swift; sourceTree = "<group>"; };
		DC22532423E5E7B200A20AF8 /* ViewControllerSubscription.swift */ = {isa = PBXFileReference; lastKnownFileType = sourcecode.swift; path = ViewControllerSubscription.swift; sourceTree = "<group>"; };
		DC22532623E5E9BB00A20AF8 /* ViewControllerPublisher.swift */ = {isa = PBXFileReference; lastKnownFileType = sourcecode.swift; path = ViewControllerPublisher.swift; sourceTree = "<group>"; };
		DC22532823E5EAAA00A20AF8 /* CombineCompatible.swift */ = {isa = PBXFileReference; lastKnownFileType = sourcecode.swift; path = CombineCompatible.swift; sourceTree = "<group>"; };
		DC4043C423E4B520007D4BD1 /* ContactPickerViewControllerWrapper.swift */ = {isa = PBXFileReference; lastKnownFileType = sourcecode.swift; path = ContactPickerViewControllerWrapper.swift; sourceTree = "<group>"; };
		DC4BF3422427E48D00595CD8 /* DoubleSlider.swift */ = {isa = PBXFileReference; lastKnownFileType = sourcecode.swift; path = DoubleSlider.swift; sourceTree = "<group>"; };
		DC4BF34424280EE900595CD8 /* Clamp.swift */ = {isa = PBXFileReference; lastKnownFileType = sourcecode.swift; path = Clamp.swift; sourceTree = "<group>"; };
		DC4F16B723EBA13500785223 /* catchupTests-Bridging-Header.h */ = {isa = PBXFileReference; lastKnownFileType = sourcecode.c.h; path = "catchupTests-Bridging-Header.h"; sourceTree = "<group>"; };
		DC4F16B823EBA13600785223 /* SchedulerTests.swift */ = {isa = PBXFileReference; lastKnownFileType = sourcecode.swift; name = SchedulerTests.swift; path = catchupTests/SchedulerTests.swift; sourceTree = SOURCE_ROOT; };
		DC5542A12424502C00119BE9 /* Debug.swift */ = {isa = PBXFileReference; lastKnownFileType = sourcecode.swift; path = Debug.swift; sourceTree = "<group>"; };
		DC57110C23E3F31200FFA866 /* ContactPickerViewController.swift */ = {isa = PBXFileReference; lastKnownFileType = sourcecode.swift; path = ContactPickerViewController.swift; sourceTree = "<group>"; };
		DC57111023E3FB9D00FFA866 /* Upcoming.swift */ = {isa = PBXFileReference; lastKnownFileType = sourcecode.swift; path = Upcoming.swift; sourceTree = "<group>"; };
		DC57111623E40AAF00FFA866 /* NewCatchupView.swift */ = {isa = PBXFileReference; lastKnownFileType = sourcecode.swift; path = NewCatchupView.swift; sourceTree = "<group>"; };
		DC677FC82448068500809FA7 /* DebugNotificationsList.swift */ = {isa = PBXFileReference; lastKnownFileType = sourcecode.swift; path = DebugNotificationsList.swift; sourceTree = "<group>"; };
		DC6B727B23EA38E800607A9D /* Scheduler.swift */ = {isa = PBXFileReference; lastKnownFileType = sourcecode.swift; path = Scheduler.swift; sourceTree = "<group>"; };
		DC79828F25041AC900D260F5 /* nanopb.xcframework */ = {isa = PBXFileReference; lastKnownFileType = wrapper.xcframework; path = nanopb.xcframework; sourceTree = "<group>"; };
		DC79829025041AC900D260F5 /* GoogleUtilities.xcframework */ = {isa = PBXFileReference; lastKnownFileType = wrapper.xcframework; path = GoogleUtilities.xcframework; sourceTree = "<group>"; };
		DC79829125041ACB00D260F5 /* GoogleAppMeasurement.framework */ = {isa = PBXFileReference; lastKnownFileType = wrapper.framework; path = GoogleAppMeasurement.framework; sourceTree = "<group>"; };
		DC79829225041ACB00D260F5 /* FirebaseCore.xcframework */ = {isa = PBXFileReference; lastKnownFileType = wrapper.xcframework; path = FirebaseCore.xcframework; sourceTree = "<group>"; };
		DC79829325041ACB00D260F5 /* FirebaseAnalytics.framework */ = {isa = PBXFileReference; lastKnownFileType = wrapper.framework; path = FirebaseAnalytics.framework; sourceTree = "<group>"; };
		DC79829425041ACC00D260F5 /* GoogleDataTransport.xcframework */ = {isa = PBXFileReference; lastKnownFileType = wrapper.xcframework; path = GoogleDataTransport.xcframework; sourceTree = "<group>"; };
		DC79829525041ACC00D260F5 /* FirebaseCoreDiagnostics.xcframework */ = {isa = PBXFileReference; lastKnownFileType = wrapper.xcframework; path = FirebaseCoreDiagnostics.xcframework; sourceTree = "<group>"; };
		DC79829625041ACC00D260F5 /* FIRAnalyticsConnector.framework */ = {isa = PBXFileReference; lastKnownFileType = wrapper.framework; path = FIRAnalyticsConnector.framework; sourceTree = "<group>"; };
		DC79829725041ACC00D260F5 /* FirebaseInstallations.xcframework */ = {isa = PBXFileReference; lastKnownFileType = wrapper.xcframework; path = FirebaseInstallations.xcframework; sourceTree = "<group>"; };
		DC7982A125041ADA00D260F5 /* GoogleService-Info.plist */ = {isa = PBXFileReference; lastKnownFileType = text.plist.xml; path = "GoogleService-Info.plist"; sourceTree = "<group>"; };
		DC7982A225041B1300D260F5 /* module.modulemap */ = {isa = PBXFileReference; fileEncoding = 4; lastKnownFileType = "sourcecode.module-map"; path = module.modulemap; sourceTree = "<group>"; };
		DC7982A325041B1300D260F5 /* Firebase.h */ = {isa = PBXFileReference; fileEncoding = 4; lastKnownFileType = sourcecode.c.h; path = Firebase.h; sourceTree = "<group>"; };
		DC8DE662240BA0A6009363A6 /* MailComposeView.swift */ = {isa = PBXFileReference; lastKnownFileType = sourcecode.swift; path = MailComposeView.swift; sourceTree = "<group>"; };
		DC8DE664240BAA64009363A6 /* MessageComposeView.swift */ = {isa = PBXFileReference; lastKnownFileType = sourcecode.swift; path = MessageComposeView.swift; sourceTree = "<group>"; };
		DC93AC1D2503FF2000B0BDB1 /* DatabaseTests.swift */ = {isa = PBXFileReference; lastKnownFileType = sourcecode.swift; path = DatabaseTests.swift; sourceTree = "<group>"; };
		DC975B26240B6312000E6D25 /* SceneDelegate.swift */ = {isa = PBXFileReference; lastKnownFileType = sourcecode.swift; path = SceneDelegate.swift; sourceTree = "<group>"; };
		DC975B29240B647D000E6D25 /* MainView.swift */ = {isa = PBXFileReference; lastKnownFileType = sourcecode.swift; path = MainView.swift; sourceTree = "<group>"; };
		DC99F68F2442A4CB000227D1 /* Migration.swift */ = {isa = PBXFileReference; lastKnownFileType = sourcecode.swift; path = Migration.swift; sourceTree = "<group>"; };
		DC99F6932442B17C000227D1 /* PageView.swift */ = {isa = PBXFileReference; lastKnownFileType = sourcecode.swift; path = PageView.swift; sourceTree = "<group>"; };
		DC99F6952442B26D000227D1 /* CircleIndicator.swift */ = {isa = PBXFileReference; lastKnownFileType = sourcecode.swift; path = CircleIndicator.swift; sourceTree = "<group>"; };
		DC99F6972442B2B5000227D1 /* SwipeView.swift */ = {isa = PBXFileReference; lastKnownFileType = sourcecode.swift; path = SwipeView.swift; sourceTree = "<group>"; };
		DC99F6992442B347000227D1 /* PageContainerView.swift */ = {isa = PBXFileReference; lastKnownFileType = sourcecode.swift; path = PageContainerView.swift; sourceTree = "<group>"; };
		DCA9D659244B90EF0071DE47 /* TestHelpers.swift */ = {isa = PBXFileReference; lastKnownFileType = sourcecode.swift; path = TestHelpers.swift; sourceTree = "<group>"; };
		DCABF9A323E603CA002B1727 /* SettingsView.swift */ = {isa = PBXFileReference; lastKnownFileType = sourcecode.swift; path = SettingsView.swift; sourceTree = "<group>"; };
		DCBD38BC240D03A50027628A /* Appfile */ = {isa = PBXFileReference; fileEncoding = 4; lastKnownFileType = text; path = Appfile; sourceTree = "<group>"; };
		DCBD38BD240D03A50027628A /* SnapshotHelper.swift */ = {isa = PBXFileReference; fileEncoding = 4; lastKnownFileType = sourcecode.swift; path = SnapshotHelper.swift; sourceTree = "<group>"; };
		DCBD38BE240D03A50027628A /* Fastfile */ = {isa = PBXFileReference; fileEncoding = 4; lastKnownFileType = text; path = Fastfile; sourceTree = "<group>"; };
		DCBD38BF240D03A50027628A /* README.md */ = {isa = PBXFileReference; fileEncoding = 4; lastKnownFileType = net.daringfireball.markdown; path = README.md; sourceTree = "<group>"; };
		DCBD38C0240D03A50027628A /* report.xml */ = {isa = PBXFileReference; fileEncoding = 4; lastKnownFileType = text.xml; path = report.xml; sourceTree = "<group>"; };
		DCBD38C1240D03A50027628A /* Snapfile */ = {isa = PBXFileReference; fileEncoding = 4; lastKnownFileType = text; path = Snapfile; sourceTree = "<group>"; };
		DCDBC28825042EA10016EDDA /* Analytics.swift */ = {isa = PBXFileReference; lastKnownFileType = sourcecode.swift; path = Analytics.swift; sourceTree = "<group>"; };
		DCDC615A24AC51A300BD4337 /* maxCatchupsTest.swift */ = {isa = PBXFileReference; lastKnownFileType = sourcecode.swift; path = maxCatchupsTest.swift; sourceTree = "<group>"; };
		DCDC616024AC554900BD4337 /* catchupSnapshotTests.xctest */ = {isa = PBXFileReference; explicitFileType = wrapper.cfbundle; includeInIndex = 0; path = catchupSnapshotTests.xctest; sourceTree = BUILT_PRODUCTS_DIR; };
		DCDC616424AC554900BD4337 /* Info.plist */ = {isa = PBXFileReference; lastKnownFileType = text.plist.xml; path = Info.plist; sourceTree = "<group>"; };
		DCDE2DE3243176E00036CEED /* Slot.swift */ = {isa = PBXFileReference; lastKnownFileType = sourcecode.swift; path = Slot.swift; sourceTree = "<group>"; };
		DCF04BA023E3A86A00D433AB /* Database.swift */ = {isa = PBXFileReference; lastKnownFileType = sourcecode.swift; path = Database.swift; sourceTree = "<group>"; };
/* End PBXFileReference section */

/* Begin PBXFrameworksBuildPhase section */
		DC0D9E2623E270EC00383CE1 /* Frameworks */ = {
			isa = PBXFrameworksBuildPhase;
			buildActionMask = 2147483647;
			files = (
				DC7982A025041ACD00D260F5 /* FirebaseInstallations.xcframework in Frameworks */,
				D207FC6D25861EAC0029B9C6 /* Introspect in Frameworks */,
				DC79829825041ACC00D260F5 /* nanopb.xcframework in Frameworks */,
				DC79829E25041ACD00D260F5 /* FirebaseCoreDiagnostics.xcframework in Frameworks */,
				DC79829B25041ACD00D260F5 /* FirebaseCore.xcframework in Frameworks */,
				DC79829F25041ACD00D260F5 /* FIRAnalyticsConnector.framework in Frameworks */,
				DC79829D25041ACD00D260F5 /* GoogleDataTransport.xcframework in Frameworks */,
				DCFF5E9F23F22654008F48CA /* Promises in Frameworks */,
				DC79829A25041ACC00D260F5 /* GoogleAppMeasurement.framework in Frameworks */,
				DC79829C25041ACD00D260F5 /* FirebaseAnalytics.framework in Frameworks */,
				DCF04B9F23E3A7AE00D433AB /* SQLite in Frameworks */,
				DC79829925041ACC00D260F5 /* GoogleUtilities.xcframework in Frameworks */,
			);
			runOnlyForDeploymentPostprocessing = 0;
		};
		DC0D9E3C23E270F300383CE1 /* Frameworks */ = {
			isa = PBXFrameworksBuildPhase;
			buildActionMask = 2147483647;
			files = (
			);
			runOnlyForDeploymentPostprocessing = 0;
		};
		DC0D9E4723E270F300383CE1 /* Frameworks */ = {
			isa = PBXFrameworksBuildPhase;
			buildActionMask = 2147483647;
			files = (
				D29A8844258BCC5600B2CC14 /* FirebaseCore.xcframework in Frameworks */,
				D29A8845258BCC5600B2CC14 /* FirebaseCoreDiagnostics.xcframework in Frameworks */,
				D29A8870258BCD4300B2CC14 /* GoogleAppMeasurement.framework in Frameworks */,
				D29A8846258BCC5600B2CC14 /* FirebaseInstallations.xcframework in Frameworks */,
				D29A8847258BCC5600B2CC14 /* GoogleDataTransport.xcframework in Frameworks */,
				D29A886E258BCD3D00B2CC14 /* FirebaseAnalytics.framework in Frameworks */,
				D29A886C258BCD3A00B2CC14 /* FIRAnalyticsConnector.framework in Frameworks */,
				D29A8848258BCC5600B2CC14 /* GoogleUtilities.xcframework in Frameworks */,
				D29A8849258BCC5600B2CC14 /* nanopb.xcframework in Frameworks */,
				D29A8831258BCC0300B2CC14 /* SQLite in Frameworks */,
				D29A883F258BCC3800B2CC14 /* Promises in Frameworks */,
			);
			runOnlyForDeploymentPostprocessing = 0;
		};
		DCDC615D24AC554900BD4337 /* Frameworks */ = {
			isa = PBXFrameworksBuildPhase;
			buildActionMask = 2147483647;
			files = (
				D29A884E258BCC5C00B2CC14 /* FirebaseCore.xcframework in Frameworks */,
				D29A884F258BCC5C00B2CC14 /* FirebaseCoreDiagnostics.xcframework in Frameworks */,
				D29A8871258BCD4300B2CC14 /* GoogleAppMeasurement.framework in Frameworks */,
				D29A8850258BCC5C00B2CC14 /* FirebaseInstallations.xcframework in Frameworks */,
				D29A8851258BCC5C00B2CC14 /* GoogleDataTransport.xcframework in Frameworks */,
				D29A886F258BCD3E00B2CC14 /* FirebaseAnalytics.framework in Frameworks */,
				D29A886D258BCD3B00B2CC14 /* FIRAnalyticsConnector.framework in Frameworks */,
				D29A8852258BCC5C00B2CC14 /* GoogleUtilities.xcframework in Frameworks */,
				D29A8853258BCC5D00B2CC14 /* nanopb.xcframework in Frameworks */,
				D29A8815258BCB4E00B2CC14 /* SQLite in Frameworks */,
				D29A883D258BCC3300B2CC14 /* Promises in Frameworks */,
			);
			runOnlyForDeploymentPostprocessing = 0;
		};
/* End PBXFrameworksBuildPhase section */

/* Begin PBXGroup section */
		D2001826257C0ACB00640118 /* Shiny */ = {
			isa = PBXGroup;
			children = (
				D2001828257C0AE300640118 /* Gradient.swift */,
				D2001827257C0AE300640118 /* MotionManager.swift */,
				D2001829257C0AE300640118 /* ShinyView.swift */,
			);
			path = Shiny;
			sourceTree = "<group>";
		};
		DC0D9E2023E270EC00383CE1 = {
			isa = PBXGroup;
			children = (
				DC79828E25041AB500D260F5 /* firebase */,
				DC0D9E2B23E270EC00383CE1 /* catchup */,
				DC0D9E4223E270F300383CE1 /* catchupTests */,
				DC0D9E4D23E270F300383CE1 /* catchupUITests */,
				DCDC616124AC554900BD4337 /* catchupSnapshotTests */,
				DC0D9E2A23E270EC00383CE1 /* Products */,
				DC153CC623EBE22D004533AD /* Frameworks */,
				DCBD38BB240D03A50027628A /* fastlane */,
			);
			sourceTree = "<group>";
		};
		DC0D9E2A23E270EC00383CE1 /* Products */ = {
			isa = PBXGroup;
			children = (
				DC0D9E2923E270EC00383CE1 /* Ketchup.app */,
				DC0D9E3F23E270F300383CE1 /* catchupTests.xctest */,
				DC0D9E4A23E270F300383CE1 /* catchupUITests.xctest */,
				DCDC616024AC554900BD4337 /* catchupSnapshotTests.xctest */,
			);
			name = Products;
			sourceTree = "<group>";
		};
		DC0D9E2B23E270EC00383CE1 /* catchup */ = {
			isa = PBXGroup;
			children = (
				DC99F68E2442A4B0000227D1 /* database */,
				DC975B28240B631D000E6D25 /* system */,
				DCFD088223F4B02500420149 /* views */,
				DC0D9E5C23E2741A00383CE1 /* model */,
				DCABF9A223E602D6002B1727 /* utils */,
				DC0D9E3423E270F300383CE1 /* Preview Content */,
				DC0D9E3223E270F300383CE1 /* Assets.xcassets */,
				DC0D9E3723E270F300383CE1 /* LaunchScreen.storyboard */,
				DC0D9E3A23E270F300383CE1 /* Info.plist */,
				DC4F16B723EBA13500785223 /* catchupTests-Bridging-Header.h */,
				DC7982A125041ADA00D260F5 /* GoogleService-Info.plist */,
			);
			path = catchup;
			sourceTree = "<group>";
		};
		DC0D9E3423E270F300383CE1 /* Preview Content */ = {
			isa = PBXGroup;
			children = (
				DC0D9E3523E270F300383CE1 /* Preview Assets.xcassets */,
			);
			path = "Preview Content";
			sourceTree = "<group>";
		};
		DC0D9E4223E270F300383CE1 /* catchupTests */ = {
			isa = PBXGroup;
			children = (
				DC4F16B823EBA13600785223 /* SchedulerTests.swift */,
				DC93AC1D2503FF2000B0BDB1 /* DatabaseTests.swift */,
				DC0D9E4523E270F300383CE1 /* Info.plist */,
			);
			path = catchupTests;
			sourceTree = "<group>";
		};
		DC0D9E4D23E270F300383CE1 /* catchupUITests */ = {
			isa = PBXGroup;
			children = (
				DCDC615A24AC51A300BD4337 /* maxCatchupsTest.swift */,
				DCA9D659244B90EF0071DE47 /* TestHelpers.swift */,
				D29A8876258BCFA200B2CC14 /* test_contacts.vcf */,
				DC0D9E5023E270F300383CE1 /* Info.plist */,
			);
			path = catchupUITests;
			sourceTree = "<group>";
		};
		DC0D9E5C23E2741A00383CE1 /* model */ = {
			isa = PBXGroup;
			children = (
				DC0D9E5D23E2745900383CE1 /* Catchup.swift */,
				DC0D9E6123E2758600383CE1 /* ContactMethod.swift */,
				DC0D9E6523E276AA00383CE1 /* Touch.swift */,
				DC0D9E6923E27D7100383CE1 /* Intervals.swift */,
				DC57111023E3FB9D00FFA866 /* Upcoming.swift */,
				DCDE2DE3243176E00036CEED /* Slot.swift */,
			);
			path = model;
			sourceTree = "<group>";
		};
		DC153CC623EBE22D004533AD /* Frameworks */ = {
			isa = PBXGroup;
			children = (
			);
			name = Frameworks;
			sourceTree = "<group>";
		};
		DC79828E25041AB500D260F5 /* firebase */ = {
			isa = PBXGroup;
			children = (
				DC7982A325041B1300D260F5 /* Firebase.h */,
				DC7982A225041B1300D260F5 /* module.modulemap */,
				DC79829625041ACC00D260F5 /* FIRAnalyticsConnector.framework */,
				DC79829325041ACB00D260F5 /* FirebaseAnalytics.framework */,
				DC79829225041ACB00D260F5 /* FirebaseCore.xcframework */,
				DC79829525041ACC00D260F5 /* FirebaseCoreDiagnostics.xcframework */,
				DC79829725041ACC00D260F5 /* FirebaseInstallations.xcframework */,
				DC79829125041ACB00D260F5 /* GoogleAppMeasurement.framework */,
				DC79829425041ACC00D260F5 /* GoogleDataTransport.xcframework */,
				DC79829025041AC900D260F5 /* GoogleUtilities.xcframework */,
				DC79828F25041AC900D260F5 /* nanopb.xcframework */,
			);
			path = firebase;
			sourceTree = "<group>";
		};
		DC975B28240B631D000E6D25 /* system */ = {
			isa = PBXGroup;
			children = (
				DC0D9E2C23E270EC00383CE1 /* AppDelegate.swift */,
				DC975B26240B6312000E6D25 /* SceneDelegate.swift */,
				D2088E52258BC992009E7A9B /* AppState.swift */,
				D2088E68258BCA24009E7A9B /* StartView.swift */,
				D29A887B258BD5CA00B2CC14 /* CatchupLimit.swift */,
			);
			path = system;
			sourceTree = "<group>";
		};
		DC99F68E2442A4B0000227D1 /* database */ = {
			isa = PBXGroup;
			children = (
				DCF04BA023E3A86A00D433AB /* Database.swift */,
				DC99F68F2442A4CB000227D1 /* Migration.swift */,
			);
			path = database;
			sourceTree = "<group>";
		};
		DC99F6922442B169000227D1 /* PageView */ = {
			isa = PBXGroup;
			children = (
				DC99F6932442B17C000227D1 /* PageView.swift */,
				DC99F6952442B26D000227D1 /* CircleIndicator.swift */,
				DC99F6972442B2B5000227D1 /* SwipeView.swift */,
				DC99F6992442B347000227D1 /* PageContainerView.swift */,
			);
			path = PageView;
			sourceTree = "<group>";
		};
		DCABF9A223E602D6002B1727 /* utils */ = {
			isa = PBXGroup;
			children = (
				D25BF4FF25A62E4300051CEE /* TopViewController.swift */,
				D2088E5B258BC9CE009E7A9B /* AppSettings.swift */,
				DCDBC28825042EA10016EDDA /* Analytics.swift */,
				DC6B727B23EA38E800607A9D /* Scheduler.swift */,
				DC139D3E23ECA0350065B138 /* Notifications.swift */,
				DC22532423E5E7B200A20AF8 /* ViewControllerSubscription.swift */,
				DC22532623E5E9BB00A20AF8 /* ViewControllerPublisher.swift */,
				DC22532823E5EAAA00A20AF8 /* CombineCompatible.swift */,
				DC5542A12424502C00119BE9 /* Debug.swift */,
				DC4BF34424280EE900595CD8 /* Clamp.swift */,
				DC677FC82448068500809FA7 /* DebugNotificationsList.swift */,
				D207FC62258616F90029B9C6 /* Formatter.swift */,
				D207FC8225898F690029B9C6 /* CatchupAction.swift */,
				D29A88B32591641200B2CC14 /* ShowTaps.swift */,
				D25BF51125A6760700051CEE /* DebugDatabaseView.swift */,
				D25BF51A25A695B800051CEE /* DebugCompareCatchupsToNotifications.swift */,
			);
			path = utils;
			sourceTree = "<group>";
		};
		DCABF9A523E603D5002B1727 /* ContactPicker */ = {
			isa = PBXGroup;
			children = (
				DC2015F023E8BC410019BCD6 /* CNContactDisplayExtension.swift */,
				DC4043C423E4B520007D4BD1 /* ContactPickerViewControllerWrapper.swift */,
				DC57110C23E3F31200FFA866 /* ContactPickerViewController.swift */,
			);
			path = ContactPicker;
			sourceTree = "<group>";
		};
		DCBD38BB240D03A50027628A /* fastlane */ = {
			isa = PBXGroup;
			children = (
				D29A889C258EEC1900B2CC14 /* Framefile.json */,
				DCBD38BC240D03A50027628A /* Appfile */,
				DCBD38BE240D03A50027628A /* Fastfile */,
				DCBD38BF240D03A50027628A /* README.md */,
				DCBD38C0240D03A50027628A /* report.xml */,
				DCBD38C1240D03A50027628A /* Snapfile */,
			);
			path = fastlane;
			sourceTree = "<group>";
		};
		DCDC616124AC554900BD4337 /* catchupSnapshotTests */ = {
			isa = PBXGroup;
			children = (
				DC0D9E4E23E270F300383CE1 /* catchupSnapshotTests.swift */,
				D205C46925B0C30D0042C0D5 /* catchupLockScreenTests.swift */,
				DCBD38BD240D03A50027628A /* SnapshotHelper.swift */,
				DCDC616424AC554900BD4337 /* Info.plist */,
			);
			path = catchupSnapshotTests;
			sourceTree = "<group>";
		};
		DCFD088223F4B02500420149 /* views */ = {
			isa = PBXGroup;
			children = (
				D2001826257C0ACB00640118 /* Shiny */,
				DC99F6922442B169000227D1 /* PageView */,
				DCABF9A523E603D5002B1727 /* ContactPicker */,
				DC975B29240B647D000E6D25 /* MainView.swift */,
				DC0D9E3023E270EC00383CE1 /* ContentView.swift */,
				DC57111623E40AAF00FFA866 /* NewCatchupView.swift */,
				DCABF9A323E603CA002B1727 /* SettingsView.swift */,
				DC8DE662240BA0A6009363A6 /* MailComposeView.swift */,
				DC8DE664240BAA64009363A6 /* MessageComposeView.swift */,
				DC4BF3422427E48D00595CD8 /* DoubleSlider.swift */,
				D207FC5A258616740029B9C6 /* CatchupCell.swift */,
				D207FC72258947E80029B9C6 /* IntroView.swift */,
				D207FC7A258973230029B9C6 /* EmptyUpcomingView.swift */,
				D207FC8B2589D90B0029B9C6 /* Buttons.swift */,
				D25BF50825A6594B00051CEE /* ActivityIndicator.swift */,
			);
			path = views;
			sourceTree = "<group>";
		};
/* End PBXGroup section */

/* Begin PBXNativeTarget section */
		DC0D9E2823E270EC00383CE1 /* catchup */ = {
			isa = PBXNativeTarget;
			buildConfigurationList = DC0D9E5323E270F300383CE1 /* Build configuration list for PBXNativeTarget "catchup" */;
			buildPhases = (
				DC0D9E2523E270EC00383CE1 /* Sources */,
				DC0D9E2623E270EC00383CE1 /* Frameworks */,
				DC0D9E2723E270EC00383CE1 /* Resources */,
			);
			buildRules = (
			);
			dependencies = (
			);
			name = catchup;
			packageProductDependencies = (
				DCF04B9E23E3A7AE00D433AB /* SQLite */,
				DCFF5E9E23F22654008F48CA /* Promises */,
				D207FC6C25861EAC0029B9C6 /* Introspect */,
			);
			productName = catchup;
			productReference = DC0D9E2923E270EC00383CE1 /* Ketchup.app */;
			productType = "com.apple.product-type.application";
		};
		DC0D9E3E23E270F300383CE1 /* catchupTests */ = {
			isa = PBXNativeTarget;
			buildConfigurationList = DC0D9E5623E270F300383CE1 /* Build configuration list for PBXNativeTarget "catchupTests" */;
			buildPhases = (
				DC0D9E3B23E270F300383CE1 /* Sources */,
				DC0D9E3C23E270F300383CE1 /* Frameworks */,
				DC0D9E3D23E270F300383CE1 /* Resources */,
			);
			buildRules = (
			);
			dependencies = (
				DC99F68B24429C93000227D1 /* PBXTargetDependency */,
			);
			name = catchupTests;
			packageProductDependencies = (
			);
			productName = catchupTests;
			productReference = DC0D9E3F23E270F300383CE1 /* catchupTests.xctest */;
			productType = "com.apple.product-type.bundle.unit-test";
		};
		DC0D9E4923E270F300383CE1 /* catchupUITests */ = {
			isa = PBXNativeTarget;
			buildConfigurationList = DC0D9E5923E270F300383CE1 /* Build configuration list for PBXNativeTarget "catchupUITests" */;
			buildPhases = (
				DC0D9E4623E270F300383CE1 /* Sources */,
				DC0D9E4723E270F300383CE1 /* Frameworks */,
				DC0D9E4823E270F300383CE1 /* Resources */,
			);
			buildRules = (
			);
			dependencies = (
				DC0D9E4C23E270F300383CE1 /* PBXTargetDependency */,
			);
			name = catchupUITests;
			packageProductDependencies = (
				D29A8830258BCC0300B2CC14 /* SQLite */,
				D29A883E258BCC3800B2CC14 /* Promises */,
			);
			productName = catchupUITests;
			productReference = DC0D9E4A23E270F300383CE1 /* catchupUITests.xctest */;
			productType = "com.apple.product-type.bundle.ui-testing";
		};
		DCDC615F24AC554900BD4337 /* catchupSnapshotTests */ = {
			isa = PBXNativeTarget;
			buildConfigurationList = DCDC616724AC554900BD4337 /* Build configuration list for PBXNativeTarget "catchupSnapshotTests" */;
			buildPhases = (
				DCDC615C24AC554900BD4337 /* Sources */,
				DCDC615D24AC554900BD4337 /* Frameworks */,
				DCDC615E24AC554900BD4337 /* Resources */,
			);
			buildRules = (
			);
			dependencies = (
				DCDC616624AC554900BD4337 /* PBXTargetDependency */,
			);
			name = catchupSnapshotTests;
			packageProductDependencies = (
				D29A8814258BCB4E00B2CC14 /* SQLite */,
				D29A883C258BCC3300B2CC14 /* Promises */,
			);
			productName = catchupSnapshotTests;
			productReference = DCDC616024AC554900BD4337 /* catchupSnapshotTests.xctest */;
			productType = "com.apple.product-type.bundle.ui-testing";
		};
/* End PBXNativeTarget section */

/* Begin PBXProject section */
		DC0D9E2123E270EC00383CE1 /* Project object */ = {
			isa = PBXProject;
			attributes = {
				LastSwiftUpdateCheck = 1150;
				LastUpgradeCheck = 1130;
				ORGANIZATIONNAME = newnoetic;
				TargetAttributes = {
					DC0D9E2823E270EC00383CE1 = {
						CreatedOnToolsVersion = 11.3.1;
					};
					DC0D9E3E23E270F300383CE1 = {
						CreatedOnToolsVersion = 11.3.1;
						LastSwiftMigration = 1130;
						TestTargetID = DC0D9E2823E270EC00383CE1;
					};
					DC0D9E4923E270F300383CE1 = {
						CreatedOnToolsVersion = 11.3.1;
						TestTargetID = DC0D9E2823E270EC00383CE1;
					};
					DCDC615F24AC554900BD4337 = {
						CreatedOnToolsVersion = 11.5;
						TestTargetID = DC0D9E2823E270EC00383CE1;
					};
				};
			};
			buildConfigurationList = DC0D9E2423E270EC00383CE1 /* Build configuration list for PBXProject "catchup" */;
			compatibilityVersion = "Xcode 9.3";
			developmentRegion = en;
			hasScannedForEncodings = 0;
			knownRegions = (
				en,
				Base,
			);
			mainGroup = DC0D9E2023E270EC00383CE1;
			packageReferences = (
				DCF04B9D23E3A7AE00D433AB /* XCRemoteSwiftPackageReference "SQLite" */,
				DCFF5E9D23F22654008F48CA /* XCRemoteSwiftPackageReference "promises" */,
				D207FC6B25861EAC0029B9C6 /* XCRemoteSwiftPackageReference "SwiftUI-Introspect" */,
			);
			productRefGroup = DC0D9E2A23E270EC00383CE1 /* Products */;
			projectDirPath = "";
			projectRoot = "";
			targets = (
				DC0D9E2823E270EC00383CE1 /* catchup */,
				DC0D9E3E23E270F300383CE1 /* catchupTests */,
				DC0D9E4923E270F300383CE1 /* catchupUITests */,
				DCDC615F24AC554900BD4337 /* catchupSnapshotTests */,
			);
		};
/* End PBXProject section */

/* Begin PBXResourcesBuildPhase section */
		DC0D9E2723E270EC00383CE1 /* Resources */ = {
			isa = PBXResourcesBuildPhase;
			buildActionMask = 2147483647;
			files = (
				DC0D9E3923E270F300383CE1 /* LaunchScreen.storyboard in Resources */,
				DCDBC28725041BF10016EDDA /* GoogleService-Info.plist in Resources */,
				DC0D9E3623E270F300383CE1 /* Preview Assets.xcassets in Resources */,
				DC0D9E3323E270F300383CE1 /* Assets.xcassets in Resources */,
			);
			runOnlyForDeploymentPostprocessing = 0;
		};
		DC0D9E3D23E270F300383CE1 /* Resources */ = {
			isa = PBXResourcesBuildPhase;
			buildActionMask = 2147483647;
			files = (
			);
			runOnlyForDeploymentPostprocessing = 0;
		};
		DC0D9E4823E270F300383CE1 /* Resources */ = {
			isa = PBXResourcesBuildPhase;
			buildActionMask = 2147483647;
			files = (
			);
			runOnlyForDeploymentPostprocessing = 0;
		};
		DCDC615E24AC554900BD4337 /* Resources */ = {
			isa = PBXResourcesBuildPhase;
			buildActionMask = 2147483647;
			files = (
			);
			runOnlyForDeploymentPostprocessing = 0;
		};
/* End PBXResourcesBuildPhase section */

/* Begin PBXSourcesBuildPhase section */
		DC0D9E2523E270EC00383CE1 /* Sources */ = {
			isa = PBXSourcesBuildPhase;
			buildActionMask = 2147483647;
			files = (
				D207FC8325898F690029B9C6 /* CatchupAction.swift in Sources */,
				DC677FC92448068500809FA7 /* DebugNotificationsList.swift in Sources */,
				D200182A257C0AE300640118 /* MotionManager.swift in Sources */,
				DC0D9E5E23E2745900383CE1 /* Catchup.swift in Sources */,
				D2001832257C0AE300640118 /* ShinyView.swift in Sources */,
				DC139D3F23ECA0350065B138 /* Notifications.swift in Sources */,
				DC99F69A2442B347000227D1 /* PageContainerView.swift in Sources */,
				DC57111123E3FB9D00FFA866 /* Upcoming.swift in Sources */,
				D29A887C258BD5CA00B2CC14 /* CatchupLimit.swift in Sources */,
				DC8DE665240BAA65009363A6 /* MessageComposeView.swift in Sources */,
				D29A88B42591641200B2CC14 /* ShowTaps.swift in Sources */,
				D25BF51225A6760700051CEE /* DebugDatabaseView.swift in Sources */,
				DC0D9E6223E2758600383CE1 /* ContactMethod.swift in Sources */,
				DC99F6942442B17C000227D1 /* PageView.swift in Sources */,
				DCABF9A423E603CA002B1727 /* SettingsView.swift in Sources */,
				DC99F6982442B2B5000227D1 /* SwipeView.swift in Sources */,
				DC2015F123E8BC410019BCD6 /* CNContactDisplayExtension.swift in Sources */,
				DC57111723E40AAF00FFA866 /* NewCatchupView.swift in Sources */,
				DC5542A22424502C00119BE9 /* Debug.swift in Sources */,
				D25BF50925A6594B00051CEE /* ActivityIndicator.swift in Sources */,
				DC22532923E5EAAA00A20AF8 /* CombineCompatible.swift in Sources */,
				D207FC73258947E80029B9C6 /* IntroView.swift in Sources */,
				D2088E5C258BC9CE009E7A9B /* AppSettings.swift in Sources */,
				DC0D9E2D23E270EC00383CE1 /* AppDelegate.swift in Sources */,
				DCDBC28925042EA10016EDDA /* Analytics.swift in Sources */,
				DC99F6902442A4CB000227D1 /* Migration.swift in Sources */,
				DC4BF34524280EE900595CD8 /* Clamp.swift in Sources */,
				DC8DE663240BA0A6009363A6 /* MailComposeView.swift in Sources */,
				DC0D9E6623E276AA00383CE1 /* Touch.swift in Sources */,
				DC6B727C23EA38E800607A9D /* Scheduler.swift in Sources */,
				DC22532523E5E7B200A20AF8 /* ViewControllerSubscription.swift in Sources */,
				D207FC8C2589D90B0029B9C6 /* Buttons.swift in Sources */,
				D25BF51B25A695B800051CEE /* DebugCompareCatchupsToNotifications.swift in Sources */,
				DC0D9E3123E270EC00383CE1 /* ContentView.swift in Sources */,
				DC975B2A240B647D000E6D25 /* MainView.swift in Sources */,
				D207FC63258616F90029B9C6 /* Formatter.swift in Sources */,
				DCDE2DE4243176E00036CEED /* Slot.swift in Sources */,
				D207FC7B258973230029B9C6 /* EmptyUpcomingView.swift in Sources */,
				DC4043C523E4B520007D4BD1 /* ContactPickerViewControllerWrapper.swift in Sources */,
				D25BF50025A62E4300051CEE /* TopViewController.swift in Sources */,
				DC99F6962442B26D000227D1 /* CircleIndicator.swift in Sources */,
				D207FC5B258616740029B9C6 /* CatchupCell.swift in Sources */,
				D2088E69258BCA24009E7A9B /* StartView.swift in Sources */,
				DCF04BA123E3A86A00D433AB /* Database.swift in Sources */,
				DC4BF3432427E48D00595CD8 /* DoubleSlider.swift in Sources */,
				DC57110D23E3F31200FFA866 /* ContactPickerViewController.swift in Sources */,
				D2088E53258BC992009E7A9B /* AppState.swift in Sources */,
				DC975B27240B6312000E6D25 /* SceneDelegate.swift in Sources */,
				DC0D9E6A23E27D7100383CE1 /* Intervals.swift in Sources */,
				DC22532723E5E9BB00A20AF8 /* ViewControllerPublisher.swift in Sources */,
				D200182E257C0AE300640118 /* Gradient.swift in Sources */,
			);
			runOnlyForDeploymentPostprocessing = 0;
		};
		DC0D9E3B23E270F300383CE1 /* Sources */ = {
			isa = PBXSourcesBuildPhase;
			buildActionMask = 2147483647;
			files = (
				D207FC8425898F690029B9C6 /* CatchupAction.swift in Sources */,
				D25BF50125A62E4300051CEE /* TopViewController.swift in Sources */,
				D2001833257C0AE300640118 /* ShinyView.swift in Sources */,
				DC153CC923EBE242004533AD /* Catchup.swift in Sources */,
				D25BF51C25A695B800051CEE /* DebugCompareCatchupsToNotifications.swift in Sources */,
				D25BF50A25A6594B00051CEE /* ActivityIndicator.swift in Sources */,
				D200182B257C0AE300640118 /* MotionManager.swift in Sources */,
				DC281EFD250450A100E1826A /* Analytics.swift in Sources */,
				DC139D4023ECA0430065B138 /* Notifications.swift in Sources */,
				D2088E6A258BCA24009E7A9B /* StartView.swift in Sources */,
				DC99F68C24429D6B000227D1 /* Slot.swift in Sources */,
				D200182F257C0AE300640118 /* Gradient.swift in Sources */,
				D25BF51325A6760700051CEE /* DebugDatabaseView.swift in Sources */,
				DC153CCA23EBE24C004533AD /* ContactMethod.swift in Sources */,
				DC153CCB23EBE257004533AD /* Intervals.swift in Sources */,
				DC153CC523EBE1FB004533AD /* Database.swift in Sources */,
				D2088E54258BC992009E7A9B /* AppState.swift in Sources */,
				DC93AC1E2503FF2000B0BDB1 /* DatabaseTests.swift in Sources */,
				D29A887D258BD5CA00B2CC14 /* CatchupLimit.swift in Sources */,
				D207FC64258616F90029B9C6 /* Formatter.swift in Sources */,
				DC4F16B923EBA13600785223 /* SchedulerTests.swift in Sources */,
				DC99F6912442A4CB000227D1 /* Migration.swift in Sources */,
				DC153CCC23ED351E004533AD /* CNContactDisplayExtension.swift in Sources */,
				D207FC8D2589D90B0029B9C6 /* Buttons.swift in Sources */,
				D2088E5D258BC9CE009E7A9B /* AppSettings.swift in Sources */,
				DC4F16BA23EBA19700785223 /* Scheduler.swift in Sources */,
			);
			runOnlyForDeploymentPostprocessing = 0;
		};
		DC0D9E4623E270F300383CE1 /* Sources */ = {
			isa = PBXSourcesBuildPhase;
			buildActionMask = 2147483647;
			files = (
				D2088EBF258BCAA0009E7A9B /* Database.swift in Sources */,
				D2088E6B258BCA24009E7A9B /* StartView.swift in Sources */,
				D2088E82258BCA90009E7A9B /* SettingsView.swift in Sources */,
				D2088E99258BCA95009E7A9B /* DebugNotificationsList.swift in Sources */,
				D2088E74258BCA8C009E7A9B /* PageContainerView.swift in Sources */,
				D2001834257C0AE300640118 /* ShinyView.swift in Sources */,
				D2088EB0258BCA99009E7A9B /* Upcoming.swift in Sources */,
				DCA9D658244B7D030071DE47 /* Intervals.swift in Sources */,
				D29A887E258BD5CA00B2CC14 /* CatchupLimit.swift in Sources */,
				D2088E73258BCA8C009E7A9B /* CircleIndicator.swift in Sources */,
				D29A88B52591641200B2CC14 /* ShowTaps.swift in Sources */,
				D25BF51425A6760700051CEE /* DebugDatabaseView.swift in Sources */,
				D207FC65258616F90029B9C6 /* Formatter.swift in Sources */,
				D2088E72258BCA8C009E7A9B /* SwipeView.swift in Sources */,
				D2088E9A258BCA95009E7A9B /* Scheduler.swift in Sources */,
				D200182C257C0AE300640118 /* MotionManager.swift in Sources */,
				DCA9D657244B7CED0071DE47 /* ContactMethod.swift in Sources */,
				D2088E9E258BCA95009E7A9B /* Notifications.swift in Sources */,
				D29A8825258BCB7C00B2CC14 /* ContactPickerViewController.swift in Sources */,
				D25BF50B25A6594B00051CEE /* ActivityIndicator.swift in Sources */,
				D2001830257C0AE300640118 /* Gradient.swift in Sources */,
				D2088E9B258BCA95009E7A9B /* Debug.swift in Sources */,
				D2088E85258BCA90009E7A9B /* DoubleSlider.swift in Sources */,
				D2088EB1258BCA99009E7A9B /* Catchup.swift in Sources */,
				D2088E71258BCA8C009E7A9B /* PageView.swift in Sources */,
				D2088E9D258BCA95009E7A9B /* ViewControllerSubscription.swift in Sources */,
				D2088E55258BC992009E7A9B /* AppState.swift in Sources */,
				D2088E84258BCA90009E7A9B /* MainView.swift in Sources */,
				D2088E81258BCA90009E7A9B /* ContentView.swift in Sources */,
				D2088EB2258BCA99009E7A9B /* Slot.swift in Sources */,
				D29A881F258BCB7400B2CC14 /* CNContactDisplayExtension.swift in Sources */,
				D2088EAF258BCA99009E7A9B /* Touch.swift in Sources */,
				D25BF51D25A695B800051CEE /* DebugCompareCatchupsToNotifications.swift in Sources */,
				D2088EC0258BCAA0009E7A9B /* Migration.swift in Sources */,
				D2088E87258BCA90009E7A9B /* MailComposeView.swift in Sources */,
				D2088E98258BCA95009E7A9B /* CombineCompatible.swift in Sources */,
				D207FC7C258973230029B9C6 /* EmptyUpcomingView.swift in Sources */,
				D207FC8E2589D90B0029B9C6 /* Buttons.swift in Sources */,
				D207FC5C258616740029B9C6 /* CatchupCell.swift in Sources */,
				D25BF50225A62E4300051CEE /* TopViewController.swift in Sources */,
				D29A8824258BCB7C00B2CC14 /* ContactPickerViewControllerWrapper.swift in Sources */,
				D2088E83258BCA90009E7A9B /* MessageComposeView.swift in Sources */,
				DCDC615B24AC51A300BD4337 /* maxCatchupsTest.swift in Sources */,
				D2088E97258BCA95009E7A9B /* Clamp.swift in Sources */,
				DC281EFE250450A300E1826A /* Analytics.swift in Sources */,
				D207FC8525898F690029B9C6 /* CatchupAction.swift in Sources */,
				D2088E9C258BCA95009E7A9B /* ViewControllerPublisher.swift in Sources */,
				D207FC74258947E80029B9C6 /* IntroView.swift in Sources */,
				D2088E5E258BC9CE009E7A9B /* AppSettings.swift in Sources */,
				D2088E86258BCA90009E7A9B /* NewCatchupView.swift in Sources */,
				DCDC616D24AC555C00BD4337 /* TestHelpers.swift in Sources */,
			);
			runOnlyForDeploymentPostprocessing = 0;
		};
		DCDC615C24AC554900BD4337 /* Sources */ = {
			isa = PBXSourcesBuildPhase;
			buildActionMask = 2147483647;
			files = (
				D25BF51525A6760700051CEE /* DebugDatabaseView.swift in Sources */,
				D2088EB9258BCA9A009E7A9B /* Catchup.swift in Sources */,
				D2088EA6258BCA96009E7A9B /* Scheduler.swift in Sources */,
				D2088E8E258BCA90009E7A9B /* MessageComposeView.swift in Sources */,
				D2088EB8258BCA9A009E7A9B /* Upcoming.swift in Sources */,
				D2088EA3258BCA96009E7A9B /* Clamp.swift in Sources */,
				D2088E8F258BCA90009E7A9B /* MainView.swift in Sources */,
				D207FC8F2589D90B0029B9C6 /* Buttons.swift in Sources */,
				D2088EAA258BCA96009E7A9B /* Notifications.swift in Sources */,
				D207FC8625898F690029B9C6 /* CatchupAction.swift in Sources */,
				D2088EA8258BCA96009E7A9B /* ViewControllerPublisher.swift in Sources */,
				D2088E7B258BCA8D009E7A9B /* CircleIndicator.swift in Sources */,
				D2088EBA258BCA9A009E7A9B /* Slot.swift in Sources */,
				D2088EC5258BCAA0009E7A9B /* Database.swift in Sources */,
				D207FC66258616F90029B9C6 /* Formatter.swift in Sources */,
				DCDC616A24AC554F00BD4337 /* catchupSnapshotTests.swift in Sources */,
				D29A887F258BD5CA00B2CC14 /* CatchupLimit.swift in Sources */,
				D25BF50C25A6594C00051CEE /* ActivityIndicator.swift in Sources */,
				D200182D257C0AE300640118 /* MotionManager.swift in Sources */,
				DCDC617024AC565400BD4337 /* ContactMethod.swift in Sources */,
				DC281EFF250450A300E1826A /* Analytics.swift in Sources */,
				D2088E79258BCA8D009E7A9B /* PageView.swift in Sources */,
				D2088E8D258BCA90009E7A9B /* SettingsView.swift in Sources */,
				D207FC75258947E80029B9C6 /* IntroView.swift in Sources */,
				D2088EA4258BCA96009E7A9B /* CombineCompatible.swift in Sources */,
				D205C46A25B0C30D0042C0D5 /* catchupLockScreenTests.swift in Sources */,
				DCDC616B24AC555200BD4337 /* SnapshotHelper.swift in Sources */,
				D2088E6C258BCA24009E7A9B /* StartView.swift in Sources */,
				DCDC616F24AC564D00BD4337 /* Intervals.swift in Sources */,
				D207FC5D258616740029B9C6 /* CatchupCell.swift in Sources */,
				D2088E7A258BCA8D009E7A9B /* SwipeView.swift in Sources */,
				D25BF51E25A695B800051CEE /* DebugCompareCatchupsToNotifications.swift in Sources */,
				D2088EA5258BCA96009E7A9B /* DebugNotificationsList.swift in Sources */,
				D2088E56258BC992009E7A9B /* AppState.swift in Sources */,
				DCDC616E24AC555E00BD4337 /* TestHelpers.swift in Sources */,
				D29A881A258BCB7400B2CC14 /* CNContactDisplayExtension.swift in Sources */,
				D2088E91258BCA90009E7A9B /* NewCatchupView.swift in Sources */,
				D2088EA9258BCA96009E7A9B /* ViewControllerSubscription.swift in Sources */,
				D29A88B62591641200B2CC14 /* ShowTaps.swift in Sources */,
				D2088E8C258BCA90009E7A9B /* ContentView.swift in Sources */,
				D29A882A258BCB7D00B2CC14 /* ContactPickerViewControllerWrapper.swift in Sources */,
				D2088EC6258BCAA0009E7A9B /* Migration.swift in Sources */,
				D207FC7D258973230029B9C6 /* EmptyUpcomingView.swift in Sources */,
				D2088E92258BCA90009E7A9B /* MailComposeView.swift in Sources */,
				D2088EB7258BCA9A009E7A9B /* Touch.swift in Sources */,
				D25BF50325A62E4300051CEE /* TopViewController.swift in Sources */,
				D2001831257C0AE300640118 /* Gradient.swift in Sources */,
				D2001835257C0AE300640118 /* ShinyView.swift in Sources */,
				D29A882B258BCB7D00B2CC14 /* ContactPickerViewController.swift in Sources */,
				D2088E5F258BC9CE009E7A9B /* AppSettings.swift in Sources */,
				D2088E90258BCA90009E7A9B /* DoubleSlider.swift in Sources */,
				D2088E7C258BCA8D009E7A9B /* PageContainerView.swift in Sources */,
				D2088EA7258BCA96009E7A9B /* Debug.swift in Sources */,
			);
			runOnlyForDeploymentPostprocessing = 0;
		};
/* End PBXSourcesBuildPhase section */

/* Begin PBXTargetDependency section */
		DC0D9E4C23E270F300383CE1 /* PBXTargetDependency */ = {
			isa = PBXTargetDependency;
			target = DC0D9E2823E270EC00383CE1 /* catchup */;
			targetProxy = DC0D9E4B23E270F300383CE1 /* PBXContainerItemProxy */;
		};
		DC99F68B24429C93000227D1 /* PBXTargetDependency */ = {
			isa = PBXTargetDependency;
			target = DC0D9E2823E270EC00383CE1 /* catchup */;
			targetProxy = DC99F68A24429C93000227D1 /* PBXContainerItemProxy */;
		};
		DCDC616624AC554900BD4337 /* PBXTargetDependency */ = {
			isa = PBXTargetDependency;
			target = DC0D9E2823E270EC00383CE1 /* catchup */;
			targetProxy = DCDC616524AC554900BD4337 /* PBXContainerItemProxy */;
		};
/* End PBXTargetDependency section */

/* Begin PBXVariantGroup section */
		DC0D9E3723E270F300383CE1 /* LaunchScreen.storyboard */ = {
			isa = PBXVariantGroup;
			children = (
				DC0D9E3823E270F300383CE1 /* Base */,
			);
			name = LaunchScreen.storyboard;
			sourceTree = "<group>";
		};
/* End PBXVariantGroup section */

/* Begin XCBuildConfiguration section */
		DC0D9E5123E270F300383CE1 /* Debug */ = {
			isa = XCBuildConfiguration;
			buildSettings = {
				ALWAYS_SEARCH_USER_PATHS = NO;
				CLANG_ANALYZER_NONNULL = YES;
				CLANG_ANALYZER_NUMBER_OBJECT_CONVERSION = YES_AGGRESSIVE;
				CLANG_CXX_LANGUAGE_STANDARD = "gnu++14";
				CLANG_CXX_LIBRARY = "libc++";
				CLANG_ENABLE_MODULES = YES;
				CLANG_ENABLE_OBJC_ARC = YES;
				CLANG_ENABLE_OBJC_WEAK = YES;
				CLANG_WARN_BLOCK_CAPTURE_AUTORELEASING = YES;
				CLANG_WARN_BOOL_CONVERSION = YES;
				CLANG_WARN_COMMA = YES;
				CLANG_WARN_CONSTANT_CONVERSION = YES;
				CLANG_WARN_DEPRECATED_OBJC_IMPLEMENTATIONS = YES;
				CLANG_WARN_DIRECT_OBJC_ISA_USAGE = YES_ERROR;
				CLANG_WARN_DOCUMENTATION_COMMENTS = YES;
				CLANG_WARN_EMPTY_BODY = YES;
				CLANG_WARN_ENUM_CONVERSION = YES;
				CLANG_WARN_INFINITE_RECURSION = YES;
				CLANG_WARN_INT_CONVERSION = YES;
				CLANG_WARN_NON_LITERAL_NULL_CONVERSION = YES;
				CLANG_WARN_OBJC_IMPLICIT_RETAIN_SELF = YES;
				CLANG_WARN_OBJC_LITERAL_CONVERSION = YES;
				CLANG_WARN_OBJC_ROOT_CLASS = YES_ERROR;
				CLANG_WARN_RANGE_LOOP_ANALYSIS = YES;
				CLANG_WARN_STRICT_PROTOTYPES = YES;
				CLANG_WARN_SUSPICIOUS_MOVE = YES;
				CLANG_WARN_UNGUARDED_AVAILABILITY = YES_AGGRESSIVE;
				CLANG_WARN_UNREACHABLE_CODE = YES;
				CLANG_WARN__DUPLICATE_METHOD_MATCH = YES;
				COPY_PHASE_STRIP = NO;
				DEBUG_INFORMATION_FORMAT = dwarf;
				ENABLE_STRICT_OBJC_MSGSEND = YES;
				ENABLE_TESTABILITY = YES;
				GCC_C_LANGUAGE_STANDARD = gnu11;
				GCC_DYNAMIC_NO_PIC = NO;
				GCC_NO_COMMON_BLOCKS = YES;
				GCC_OPTIMIZATION_LEVEL = 0;
				GCC_PREPROCESSOR_DEFINITIONS = (
					"DEBUG=1",
					"$(inherited)",
				);
				GCC_WARN_64_TO_32_BIT_CONVERSION = YES;
				GCC_WARN_ABOUT_RETURN_TYPE = YES_ERROR;
				GCC_WARN_UNDECLARED_SELECTOR = YES;
				GCC_WARN_UNINITIALIZED_AUTOS = YES_AGGRESSIVE;
				GCC_WARN_UNUSED_FUNCTION = YES;
				GCC_WARN_UNUSED_VARIABLE = YES;
				IPHONEOS_DEPLOYMENT_TARGET = 13.2;
				MTL_ENABLE_DEBUG_INFO = INCLUDE_SOURCE;
				MTL_FAST_MATH = YES;
				ONLY_ACTIVE_ARCH = YES;
				SDKROOT = iphoneos;
				SWIFT_ACTIVE_COMPILATION_CONDITIONS = DEBUG;
				SWIFT_OPTIMIZATION_LEVEL = "-Onone";
			};
			name = Debug;
		};
		DC0D9E5223E270F300383CE1 /* Release */ = {
			isa = XCBuildConfiguration;
			buildSettings = {
				ALWAYS_SEARCH_USER_PATHS = NO;
				CLANG_ANALYZER_NONNULL = YES;
				CLANG_ANALYZER_NUMBER_OBJECT_CONVERSION = YES_AGGRESSIVE;
				CLANG_CXX_LANGUAGE_STANDARD = "gnu++14";
				CLANG_CXX_LIBRARY = "libc++";
				CLANG_ENABLE_MODULES = YES;
				CLANG_ENABLE_OBJC_ARC = YES;
				CLANG_ENABLE_OBJC_WEAK = YES;
				CLANG_WARN_BLOCK_CAPTURE_AUTORELEASING = YES;
				CLANG_WARN_BOOL_CONVERSION = YES;
				CLANG_WARN_COMMA = YES;
				CLANG_WARN_CONSTANT_CONVERSION = YES;
				CLANG_WARN_DEPRECATED_OBJC_IMPLEMENTATIONS = YES;
				CLANG_WARN_DIRECT_OBJC_ISA_USAGE = YES_ERROR;
				CLANG_WARN_DOCUMENTATION_COMMENTS = YES;
				CLANG_WARN_EMPTY_BODY = YES;
				CLANG_WARN_ENUM_CONVERSION = YES;
				CLANG_WARN_INFINITE_RECURSION = YES;
				CLANG_WARN_INT_CONVERSION = YES;
				CLANG_WARN_NON_LITERAL_NULL_CONVERSION = YES;
				CLANG_WARN_OBJC_IMPLICIT_RETAIN_SELF = YES;
				CLANG_WARN_OBJC_LITERAL_CONVERSION = YES;
				CLANG_WARN_OBJC_ROOT_CLASS = YES_ERROR;
				CLANG_WARN_RANGE_LOOP_ANALYSIS = YES;
				CLANG_WARN_STRICT_PROTOTYPES = YES;
				CLANG_WARN_SUSPICIOUS_MOVE = YES;
				CLANG_WARN_UNGUARDED_AVAILABILITY = YES_AGGRESSIVE;
				CLANG_WARN_UNREACHABLE_CODE = YES;
				CLANG_WARN__DUPLICATE_METHOD_MATCH = YES;
				COPY_PHASE_STRIP = NO;
				DEBUG_INFORMATION_FORMAT = "dwarf-with-dsym";
				ENABLE_NS_ASSERTIONS = NO;
				ENABLE_STRICT_OBJC_MSGSEND = YES;
				GCC_C_LANGUAGE_STANDARD = gnu11;
				GCC_NO_COMMON_BLOCKS = YES;
				GCC_WARN_64_TO_32_BIT_CONVERSION = YES;
				GCC_WARN_ABOUT_RETURN_TYPE = YES_ERROR;
				GCC_WARN_UNDECLARED_SELECTOR = YES;
				GCC_WARN_UNINITIALIZED_AUTOS = YES_AGGRESSIVE;
				GCC_WARN_UNUSED_FUNCTION = YES;
				GCC_WARN_UNUSED_VARIABLE = YES;
				IPHONEOS_DEPLOYMENT_TARGET = 13.2;
				MTL_ENABLE_DEBUG_INFO = NO;
				MTL_FAST_MATH = YES;
				SDKROOT = iphoneos;
				SWIFT_COMPILATION_MODE = wholemodule;
				SWIFT_OPTIMIZATION_LEVEL = "-O";
				VALIDATE_PRODUCT = YES;
			};
			name = Release;
		};
		DC0D9E5423E270F300383CE1 /* Debug */ = {
			isa = XCBuildConfiguration;
			buildSettings = {
				ASSETCATALOG_COMPILER_APPICON_NAME = AppIcon;
				CODE_SIGN_IDENTITY = "Apple Development";
				CODE_SIGN_STYLE = Automatic;
				CURRENT_PROJECT_VERSION = 58;
				DEVELOPMENT_ASSET_PATHS = "\"catchup/Preview Content\"";
				DEVELOPMENT_TEAM = CUCB33MFQZ;
				ENABLE_PREVIEWS = YES;
				FRAMEWORK_SEARCH_PATHS = (
					"$(inherited)",
					"$(PROJECT_DIR)/firebase",
				);
				INFOPLIST_FILE = catchup/Info.plist;
				IPHONEOS_DEPLOYMENT_TARGET = 13.0;
				LD_RUNPATH_SEARCH_PATHS = (
					"$(inherited)",
					"@executable_path/Frameworks",
				);
				MARKETING_VERSION = 1.34;
				OTHER_LDFLAGS = "-ObjC";
				PRODUCT_BUNDLE_IDENTIFIER = com.newnoetic.catchup;
				PRODUCT_NAME = Ketchup;
				PROVISIONING_PROFILE_SPECIFIER = "";
				SWIFT_VERSION = 5.0;
				TARGETED_DEVICE_FAMILY = 1;
				USER_HEADER_SEARCH_PATHS = firebase/;
				VERSIONING_SYSTEM = "apple-generic";
			};
			name = Debug;
		};
		DC0D9E5523E270F300383CE1 /* Release */ = {
			isa = XCBuildConfiguration;
			buildSettings = {
				ASSETCATALOG_COMPILER_APPICON_NAME = AppIcon;
				CODE_SIGN_IDENTITY = "Apple Development";
				CODE_SIGN_STYLE = Automatic;
				CURRENT_PROJECT_VERSION = 58;
				DEVELOPMENT_ASSET_PATHS = "\"catchup/Preview Content\"";
				DEVELOPMENT_TEAM = CUCB33MFQZ;
				ENABLE_PREVIEWS = YES;
				FRAMEWORK_SEARCH_PATHS = (
					"$(inherited)",
					"$(PROJECT_DIR)/firebase",
				);
				INFOPLIST_FILE = catchup/Info.plist;
				IPHONEOS_DEPLOYMENT_TARGET = 13.0;
				LD_RUNPATH_SEARCH_PATHS = (
					"$(inherited)",
					"@executable_path/Frameworks",
				);
				MARKETING_VERSION = 1.34;
				OTHER_LDFLAGS = "-ObjC";
				PRODUCT_BUNDLE_IDENTIFIER = com.newnoetic.catchup;
				PRODUCT_NAME = Ketchup;
				PROVISIONING_PROFILE_SPECIFIER = "";
				SWIFT_VERSION = 5.0;
				TARGETED_DEVICE_FAMILY = 1;
				USER_HEADER_SEARCH_PATHS = firebase/;
				VERSIONING_SYSTEM = "apple-generic";
			};
			name = Release;
		};
		DC0D9E5723E270F300383CE1 /* Debug */ = {
			isa = XCBuildConfiguration;
			buildSettings = {
				ALWAYS_EMBED_SWIFT_STANDARD_LIBRARIES = YES;
				BUNDLE_LOADER = "$(TEST_HOST)";
				CLANG_ENABLE_MODULES = YES;
				CODE_SIGN_STYLE = Automatic;
				DEVELOPMENT_TEAM = CUCB33MFQZ;
				FRAMEWORK_SEARCH_PATHS = (
					"$(inherited)",
					"$(PROJECT_DIR)/firebase",
				);
				INFOPLIST_FILE = catchupTests/Info.plist;
				IPHONEOS_DEPLOYMENT_TARGET = 13.2;
				LD_RUNPATH_SEARCH_PATHS = (
					"$(inherited)",
					"@executable_path/Frameworks",
					"@loader_path/Frameworks",
				);
				PRODUCT_BUNDLE_IDENTIFIER = com.newnoetic.catchupTests;
				PRODUCT_NAME = "$(TARGET_NAME)";
				SWIFT_OBJC_BRIDGING_HEADER = "catchup/catchupTests-Bridging-Header.h";
				SWIFT_OPTIMIZATION_LEVEL = "-Onone";
				SWIFT_VERSION = 5.0;
				TARGETED_DEVICE_FAMILY = "1,2";
				TEST_HOST = "$(BUILT_PRODUCTS_DIR)/Ketchup.app/Ketchup";
			};
			name = Debug;
		};
		DC0D9E5823E270F300383CE1 /* Release */ = {
			isa = XCBuildConfiguration;
			buildSettings = {
				ALWAYS_EMBED_SWIFT_STANDARD_LIBRARIES = YES;
				BUNDLE_LOADER = "$(TEST_HOST)";
				CLANG_ENABLE_MODULES = YES;
				CODE_SIGN_STYLE = Automatic;
				DEVELOPMENT_TEAM = CUCB33MFQZ;
				FRAMEWORK_SEARCH_PATHS = (
					"$(inherited)",
					"$(PROJECT_DIR)/firebase",
				);
				INFOPLIST_FILE = catchupTests/Info.plist;
				IPHONEOS_DEPLOYMENT_TARGET = 13.2;
				LD_RUNPATH_SEARCH_PATHS = (
					"$(inherited)",
					"@executable_path/Frameworks",
					"@loader_path/Frameworks",
				);
				PRODUCT_BUNDLE_IDENTIFIER = com.newnoetic.catchupTests;
				PRODUCT_NAME = "$(TARGET_NAME)";
				SWIFT_OBJC_BRIDGING_HEADER = "catchup/catchupTests-Bridging-Header.h";
				SWIFT_VERSION = 5.0;
				TARGETED_DEVICE_FAMILY = "1,2";
				TEST_HOST = "$(BUILT_PRODUCTS_DIR)/Ketchup.app/Ketchup";
			};
			name = Release;
		};
		DC0D9E5A23E270F300383CE1 /* Debug */ = {
			isa = XCBuildConfiguration;
			buildSettings = {
				ALWAYS_EMBED_SWIFT_STANDARD_LIBRARIES = YES;
				CODE_SIGN_STYLE = Automatic;
				DEVELOPMENT_TEAM = CUCB33MFQZ;
				FRAMEWORK_SEARCH_PATHS = (
					"$(inherited)",
					"$(PROJECT_DIR)/firebase",
				);
				INFOPLIST_FILE = catchupUITests/Info.plist;
				LD_RUNPATH_SEARCH_PATHS = (
					"$(inherited)",
					"@executable_path/Frameworks",
					"@loader_path/Frameworks",
				);
				OTHER_LDFLAGS = "-ObjC";
				PRODUCT_BUNDLE_IDENTIFIER = com.newnoetic.catchupUITests;
				PRODUCT_NAME = "$(TARGET_NAME)";
				SWIFT_VERSION = 5.0;
				TARGETED_DEVICE_FAMILY = "1,2";
				TEST_TARGET_NAME = catchup;
			};
			name = Debug;
		};
		DC0D9E5B23E270F300383CE1 /* Release */ = {
			isa = XCBuildConfiguration;
			buildSettings = {
				ALWAYS_EMBED_SWIFT_STANDARD_LIBRARIES = YES;
				CODE_SIGN_STYLE = Automatic;
				DEVELOPMENT_TEAM = CUCB33MFQZ;
				FRAMEWORK_SEARCH_PATHS = (
					"$(inherited)",
					"$(PROJECT_DIR)/firebase",
				);
				INFOPLIST_FILE = catchupUITests/Info.plist;
				LD_RUNPATH_SEARCH_PATHS = (
					"$(inherited)",
					"@executable_path/Frameworks",
					"@loader_path/Frameworks",
				);
				OTHER_LDFLAGS = "-ObjC";
				PRODUCT_BUNDLE_IDENTIFIER = com.newnoetic.catchupUITests;
				PRODUCT_NAME = "$(TARGET_NAME)";
				SWIFT_VERSION = 5.0;
				TARGETED_DEVICE_FAMILY = "1,2";
				TEST_TARGET_NAME = catchup;
			};
			name = Release;
		};
		DCDC616824AC554900BD4337 /* Debug */ = {
			isa = XCBuildConfiguration;
			buildSettings = {
				CODE_SIGN_STYLE = Automatic;
				DEVELOPMENT_TEAM = CUCB33MFQZ;
				FRAMEWORK_SEARCH_PATHS = (
					"$(inherited)",
					"$(PROJECT_DIR)/firebase",
				);
				GCC_PREPROCESSOR_DEFINITIONS = "DEBUG=0";
				INFOPLIST_FILE = catchupSnapshotTests/Info.plist;
				IPHONEOS_DEPLOYMENT_TARGET = 13.5;
				LD_RUNPATH_SEARCH_PATHS = (
					"$(inherited)",
					"@executable_path/Frameworks",
					"@loader_path/Frameworks",
				);
				OTHER_LDFLAGS = "-ObjC";
				PRODUCT_BUNDLE_IDENTIFIER = com.newnoetic.catchupSnapshotTests;
				PRODUCT_NAME = "$(TARGET_NAME)";
				SWIFT_ACTIVE_COMPILATION_CONDITIONS = "";
				SWIFT_VERSION = 5.0;
				TARGETED_DEVICE_FAMILY = "1,2";
				TEST_TARGET_NAME = catchup;
			};
			name = Debug;
		};
		DCDC616924AC554900BD4337 /* Release */ = {
			isa = XCBuildConfiguration;
			buildSettings = {
				CODE_SIGN_STYLE = Automatic;
				DEVELOPMENT_TEAM = CUCB33MFQZ;
				FRAMEWORK_SEARCH_PATHS = (
					"$(inherited)",
					"$(PROJECT_DIR)/firebase",
				);
				INFOPLIST_FILE = catchupSnapshotTests/Info.plist;
				IPHONEOS_DEPLOYMENT_TARGET = 13.5;
				LD_RUNPATH_SEARCH_PATHS = (
					"$(inherited)",
					"@executable_path/Frameworks",
					"@loader_path/Frameworks",
				);
				OTHER_LDFLAGS = "-ObjC";
				PRODUCT_BUNDLE_IDENTIFIER = com.newnoetic.catchupSnapshotTests;
				PRODUCT_NAME = "$(TARGET_NAME)";
				SWIFT_VERSION = 5.0;
				TARGETED_DEVICE_FAMILY = "1,2";
				TEST_TARGET_NAME = catchup;
			};
			name = Release;
		};
/* End XCBuildConfiguration section */

/* Begin XCConfigurationList section */
		DC0D9E2423E270EC00383CE1 /* Build configuration list for PBXProject "catchup" */ = {
			isa = XCConfigurationList;
			buildConfigurations = (
				DC0D9E5123E270F300383CE1 /* Debug */,
				DC0D9E5223E270F300383CE1 /* Release */,
			);
			defaultConfigurationIsVisible = 0;
			defaultConfigurationName = Release;
		};
		DC0D9E5323E270F300383CE1 /* Build configuration list for PBXNativeTarget "catchup" */ = {
			isa = XCConfigurationList;
			buildConfigurations = (
				DC0D9E5423E270F300383CE1 /* Debug */,
				DC0D9E5523E270F300383CE1 /* Release */,
			);
			defaultConfigurationIsVisible = 0;
			defaultConfigurationName = Release;
		};
		DC0D9E5623E270F300383CE1 /* Build configuration list for PBXNativeTarget "catchupTests" */ = {
			isa = XCConfigurationList;
			buildConfigurations = (
				DC0D9E5723E270F300383CE1 /* Debug */,
				DC0D9E5823E270F300383CE1 /* Release */,
			);
			defaultConfigurationIsVisible = 0;
			defaultConfigurationName = Release;
		};
		DC0D9E5923E270F300383CE1 /* Build configuration list for PBXNativeTarget "catchupUITests" */ = {
			isa = XCConfigurationList;
			buildConfigurations = (
				DC0D9E5A23E270F300383CE1 /* Debug */,
				DC0D9E5B23E270F300383CE1 /* Release */,
			);
			defaultConfigurationIsVisible = 0;
			defaultConfigurationName = Release;
		};
		DCDC616724AC554900BD4337 /* Build configuration list for PBXNativeTarget "catchupSnapshotTests" */ = {
			isa = XCConfigurationList;
			buildConfigurations = (
				DCDC616824AC554900BD4337 /* Debug */,
				DCDC616924AC554900BD4337 /* Release */,
			);
			defaultConfigurationIsVisible = 0;
			defaultConfigurationName = Release;
		};
/* End XCConfigurationList section */

/* Begin XCRemoteSwiftPackageReference section */
		D207FC6B25861EAC0029B9C6 /* XCRemoteSwiftPackageReference "SwiftUI-Introspect" */ = {
			isa = XCRemoteSwiftPackageReference;
			repositoryURL = "https://github.com/sdgandhi/SwiftUI-Introspect";
			requirement = {
				kind = upToNextMajorVersion;
				minimumVersion = 0.1.2;
			};
		};
		DCF04B9D23E3A7AE00D433AB /* XCRemoteSwiftPackageReference "SQLite" */ = {
			isa = XCRemoteSwiftPackageReference;
			repositoryURL = "https://github.com/NewNoetic/SQLite.swift";
			requirement = {
				kind = exactVersion;
				version = 0.12.2;
			};
		};
		DCFF5E9D23F22654008F48CA /* XCRemoteSwiftPackageReference "promises" */ = {
			isa = XCRemoteSwiftPackageReference;
			repositoryURL = "https://github.com/NewNoetic/promises.git";
			requirement = {
				kind = exactVersion;
				version = 1.2.8;
			};
		};
/* End XCRemoteSwiftPackageReference section */

/* Begin XCSwiftPackageProductDependency section */
		D207FC6C25861EAC0029B9C6 /* Introspect */ = {
			isa = XCSwiftPackageProductDependency;
			package = D207FC6B25861EAC0029B9C6 /* XCRemoteSwiftPackageReference "SwiftUI-Introspect" */;
			productName = Introspect;
		};
		D29A8814258BCB4E00B2CC14 /* SQLite */ = {
			isa = XCSwiftPackageProductDependency;
			package = DCF04B9D23E3A7AE00D433AB /* XCRemoteSwiftPackageReference "SQLite" */;
			productName = SQLite;
		};
		D29A8830258BCC0300B2CC14 /* SQLite */ = {
			isa = XCSwiftPackageProductDependency;
			package = DCF04B9D23E3A7AE00D433AB /* XCRemoteSwiftPackageReference "SQLite" */;
			productName = SQLite;
		};
		D29A883C258BCC3300B2CC14 /* Promises */ = {
			isa = XCSwiftPackageProductDependency;
			package = DCFF5E9D23F22654008F48CA /* XCRemoteSwiftPackageReference "promises" */;
			productName = Promises;
		};
		D29A883E258BCC3800B2CC14 /* Promises */ = {
			isa = XCSwiftPackageProductDependency;
			package = DCFF5E9D23F22654008F48CA /* XCRemoteSwiftPackageReference "promises" */;
			productName = Promises;
		};
		DCF04B9E23E3A7AE00D433AB /* SQLite */ = {
			isa = XCSwiftPackageProductDependency;
			package = DCF04B9D23E3A7AE00D433AB /* XCRemoteSwiftPackageReference "SQLite" */;
			productName = SQLite;
		};
		DCFF5E9E23F22654008F48CA /* Promises */ = {
			isa = XCSwiftPackageProductDependency;
			package = DCFF5E9D23F22654008F48CA /* XCRemoteSwiftPackageReference "promises" */;
			productName = Promises;
		};
/* End XCSwiftPackageProductDependency section */
	};
	rootObject = DC0D9E2123E270EC00383CE1 /* Project object */;
}
