// !$*UTF8*$!
{
	archiveVersion = 1;
	classes = {
	};
	objectVersion = 52;
	objects = {

/* Begin PBXBuildFile section */
		DC0D9E2D23E270EC00383CE1 /* AppDelegate.swift in Sources */ = {isa = PBXBuildFile; fileRef = DC0D9E2C23E270EC00383CE1 /* AppDelegate.swift */; };
		DC0D9E3123E270EC00383CE1 /* ContentView.swift in Sources */ = {isa = PBXBuildFile; fileRef = DC0D9E3023E270EC00383CE1 /* ContentView.swift */; };
		DC0D9E3323E270F300383CE1 /* Assets.xcassets in Resources */ = {isa = PBXBuildFile; fileRef = DC0D9E3223E270F300383CE1 /* Assets.xcassets */; };
		DC0D9E3623E270F300383CE1 /* Preview Assets.xcassets in Resources */ = {isa = PBXBuildFile; fileRef = DC0D9E3523E270F300383CE1 /* Preview Assets.xcassets */; };
		DC0D9E3923E270F300383CE1 /* LaunchScreen.storyboard in Resources */ = {isa = PBXBuildFile; fileRef = DC0D9E3723E270F300383CE1 /* LaunchScreen.storyboard */; };
		DC0D9E5E23E2745900383CE1 /* Catchup.swift in Sources */ = {isa = PBXBuildFile; fileRef = DC0D9E5D23E2745900383CE1 /* Catchup.swift */; };
		DC0D9E6223E2758600383CE1 /* ContactMethod.swift in Sources */ = {isa = PBXBuildFile; fileRef = DC0D9E6123E2758600383CE1 /* ContactMethod.swift */; };
		DC0D9E6623E276AA00383CE1 /* Touch.swift in Sources */ = {isa = PBXBuildFile; fileRef = DC0D9E6523E276AA00383CE1 /* Touch.swift */; };
		DC0D9E6A23E27D7100383CE1 /* Intervals.swift in Sources */ = {isa = PBXBuildFile; fileRef = DC0D9E6923E27D7100383CE1 /* Intervals.swift */; };
		DC139D3F23ECA0350065B138 /* Notifications.swift in Sources */ = {isa = PBXBuildFile; fileRef = DC139D3E23ECA0350065B138 /* Notifications.swift */; };
		DC139D4023ECA0430065B138 /* Notifications.swift in Sources */ = {isa = PBXBuildFile; fileRef = DC139D3E23ECA0350065B138 /* Notifications.swift */; };
		DC139D4223ECA0630065B138 /* NotificationsTests.swift in Sources */ = {isa = PBXBuildFile; fileRef = DC139D4123ECA0630065B138 /* NotificationsTests.swift */; };
		DC153CC523EBE1FB004533AD /* Database.swift in Sources */ = {isa = PBXBuildFile; fileRef = DCF04BA023E3A86A00D433AB /* Database.swift */; };
		DC153CC823EBE22D004533AD /* SQLite in Frameworks */ = {isa = PBXBuildFile; productRef = DC153CC723EBE22D004533AD /* SQLite */; };
		DC153CC923EBE242004533AD /* Catchup.swift in Sources */ = {isa = PBXBuildFile; fileRef = DC0D9E5D23E2745900383CE1 /* Catchup.swift */; };
		DC153CCA23EBE24C004533AD /* ContactMethod.swift in Sources */ = {isa = PBXBuildFile; fileRef = DC0D9E6123E2758600383CE1 /* ContactMethod.swift */; };
		DC153CCB23EBE257004533AD /* Intervals.swift in Sources */ = {isa = PBXBuildFile; fileRef = DC0D9E6923E27D7100383CE1 /* Intervals.swift */; };
		DC153CCC23ED351E004533AD /* CNContactDisplayExtension.swift in Sources */ = {isa = PBXBuildFile; fileRef = DC2015F023E8BC410019BCD6 /* CNContactDisplayExtension.swift */; };
		DC2015F123E8BC410019BCD6 /* CNContactDisplayExtension.swift in Sources */ = {isa = PBXBuildFile; fileRef = DC2015F023E8BC410019BCD6 /* CNContactDisplayExtension.swift */; };
		DC22532523E5E7B200A20AF8 /* ViewControllerSubscription.swift in Sources */ = {isa = PBXBuildFile; fileRef = DC22532423E5E7B200A20AF8 /* ViewControllerSubscription.swift */; };
		DC22532723E5E9BB00A20AF8 /* ViewControllerPublisher.swift in Sources */ = {isa = PBXBuildFile; fileRef = DC22532623E5E9BB00A20AF8 /* ViewControllerPublisher.swift */; };
		DC22532923E5EAAA00A20AF8 /* CombineCompatible.swift in Sources */ = {isa = PBXBuildFile; fileRef = DC22532823E5EAAA00A20AF8 /* CombineCompatible.swift */; };
		DC4043C523E4B520007D4BD1 /* ContactPickerViewControllerWrapper.swift in Sources */ = {isa = PBXBuildFile; fileRef = DC4043C423E4B520007D4BD1 /* ContactPickerViewControllerWrapper.swift */; };
		DC4BF3432427E48D00595CD8 /* DoubleSlider.swift in Sources */ = {isa = PBXBuildFile; fileRef = DC4BF3422427E48D00595CD8 /* DoubleSlider.swift */; };
		DC4BF34524280EE900595CD8 /* Clamp.swift in Sources */ = {isa = PBXBuildFile; fileRef = DC4BF34424280EE900595CD8 /* Clamp.swift */; };
		DC4F16B923EBA13600785223 /* SchedulerTests.swift in Sources */ = {isa = PBXBuildFile; fileRef = DC4F16B823EBA13600785223 /* SchedulerTests.swift */; };
		DC4F16BA23EBA19700785223 /* Scheduler.swift in Sources */ = {isa = PBXBuildFile; fileRef = DC6B727B23EA38E800607A9D /* Scheduler.swift */; };
		DC5542A22424502C00119BE9 /* Debug.swift in Sources */ = {isa = PBXBuildFile; fileRef = DC5542A12424502C00119BE9 /* Debug.swift */; };
		DC57110D23E3F31200FFA866 /* ContactPickerViewController.swift in Sources */ = {isa = PBXBuildFile; fileRef = DC57110C23E3F31200FFA866 /* ContactPickerViewController.swift */; };
		DC57111123E3FB9D00FFA866 /* Upcoming.swift in Sources */ = {isa = PBXBuildFile; fileRef = DC57111023E3FB9D00FFA866 /* Upcoming.swift */; };
		DC57111723E40AAF00FFA866 /* NewCatchupView.swift in Sources */ = {isa = PBXBuildFile; fileRef = DC57111623E40AAF00FFA866 /* NewCatchupView.swift */; };
		DC6B727C23EA38E800607A9D /* Scheduler.swift in Sources */ = {isa = PBXBuildFile; fileRef = DC6B727B23EA38E800607A9D /* Scheduler.swift */; };
		DC8DE663240BA0A6009363A6 /* MailComposeView.swift in Sources */ = {isa = PBXBuildFile; fileRef = DC8DE662240BA0A6009363A6 /* MailComposeView.swift */; };
		DC8DE665240BAA65009363A6 /* MessageComposeView.swift in Sources */ = {isa = PBXBuildFile; fileRef = DC8DE664240BAA64009363A6 /* MessageComposeView.swift */; };
		DC975B27240B6312000E6D25 /* SceneDelegate.swift in Sources */ = {isa = PBXBuildFile; fileRef = DC975B26240B6312000E6D25 /* SceneDelegate.swift */; };
		DC975B2A240B647D000E6D25 /* MainView.swift in Sources */ = {isa = PBXBuildFile; fileRef = DC975B29240B647D000E6D25 /* MainView.swift */; };
		DC9CEE83243042EB0015298F /* Settings.swift in Sources */ = {isa = PBXBuildFile; fileRef = DC9CEE82243042EB0015298F /* Settings.swift */; };
		DCABF9A423E603CA002B1727 /* SettingsView.swift in Sources */ = {isa = PBXBuildFile; fileRef = DCABF9A323E603CA002B1727 /* SettingsView.swift */; };
		DCBD38C2240D03A60027628A /* Appfile in Resources */ = {isa = PBXBuildFile; fileRef = DCBD38BC240D03A50027628A /* Appfile */; };
		DCBD38C4240D03A60027628A /* Fastfile in Resources */ = {isa = PBXBuildFile; fileRef = DCBD38BE240D03A50027628A /* Fastfile */; };
		DCBD38C5240D03A60027628A /* README.md in Resources */ = {isa = PBXBuildFile; fileRef = DCBD38BF240D03A50027628A /* README.md */; };
		DCBD38C6240D03A60027628A /* report.xml in Resources */ = {isa = PBXBuildFile; fileRef = DCBD38C0240D03A50027628A /* report.xml */; };
		DCBD38C7240D03A60027628A /* Snapfile in Resources */ = {isa = PBXBuildFile; fileRef = DCBD38C1240D03A50027628A /* Snapfile */; };
		DCBD38C8240D03BB0027628A /* SnapshotHelper.swift in Sources */ = {isa = PBXBuildFile; fileRef = DCBD38BD240D03A50027628A /* SnapshotHelper.swift */; };
		DCBD38C9240D04F20027628A /* catchupUITests.swift in Sources */ = {isa = PBXBuildFile; fileRef = DC0D9E4E23E270F300383CE1 /* catchupUITests.swift */; };
		DCDE2DE4243176E00036CEED /* Slot.swift in Sources */ = {isa = PBXBuildFile; fileRef = DCDE2DE3243176E00036CEED /* Slot.swift */; };
		DCF04B9F23E3A7AE00D433AB /* SQLite in Frameworks */ = {isa = PBXBuildFile; productRef = DCF04B9E23E3A7AE00D433AB /* SQLite */; };
		DCF04BA123E3A86A00D433AB /* Database.swift in Sources */ = {isa = PBXBuildFile; fileRef = DCF04BA023E3A86A00D433AB /* Database.swift */; };
		DCFF5E9F23F22654008F48CA /* Promises in Frameworks */ = {isa = PBXBuildFile; productRef = DCFF5E9E23F22654008F48CA /* Promises */; };
		DCFF5EA123F22654008F48CA /* PromisesTestHelpers in Frameworks */ = {isa = PBXBuildFile; productRef = DCFF5EA023F22654008F48CA /* PromisesTestHelpers */; };
/* End PBXBuildFile section */

/* Begin PBXContainerItemProxy section */
		DC0D9E4023E270F300383CE1 /* PBXContainerItemProxy */ = {
			isa = PBXContainerItemProxy;
			containerPortal = DC0D9E2123E270EC00383CE1 /* Project object */;
			proxyType = 1;
			remoteGlobalIDString = DC0D9E2823E270EC00383CE1;
			remoteInfo = catchup;
		};
		DC0D9E4B23E270F300383CE1 /* PBXContainerItemProxy */ = {
			isa = PBXContainerItemProxy;
			containerPortal = DC0D9E2123E270EC00383CE1 /* Project object */;
			proxyType = 1;
			remoteGlobalIDString = DC0D9E2823E270EC00383CE1;
			remoteInfo = catchup;
		};
/* End PBXContainerItemProxy section */

/* Begin PBXFileReference section */
		DC0D9E2923E270EC00383CE1 /* 🥫 Ketchup.app */ = {isa = PBXFileReference; explicitFileType = wrapper.application; includeInIndex = 0; path = "🥫 Ketchup.app"; sourceTree = BUILT_PRODUCTS_DIR; };
		DC0D9E2C23E270EC00383CE1 /* AppDelegate.swift */ = {isa = PBXFileReference; lastKnownFileType = sourcecode.swift; path = AppDelegate.swift; sourceTree = "<group>"; };
		DC0D9E3023E270EC00383CE1 /* ContentView.swift */ = {isa = PBXFileReference; lastKnownFileType = sourcecode.swift; path = ContentView.swift; sourceTree = "<group>"; };
		DC0D9E3223E270F300383CE1 /* Assets.xcassets */ = {isa = PBXFileReference; lastKnownFileType = folder.assetcatalog; path = Assets.xcassets; sourceTree = "<group>"; };
		DC0D9E3523E270F300383CE1 /* Preview Assets.xcassets */ = {isa = PBXFileReference; lastKnownFileType = folder.assetcatalog; path = "Preview Assets.xcassets"; sourceTree = "<group>"; };
		DC0D9E3823E270F300383CE1 /* Base */ = {isa = PBXFileReference; lastKnownFileType = file.storyboard; name = Base; path = Base.lproj/LaunchScreen.storyboard; sourceTree = "<group>"; };
		DC0D9E3A23E270F300383CE1 /* Info.plist */ = {isa = PBXFileReference; lastKnownFileType = text.plist.xml; path = Info.plist; sourceTree = "<group>"; };
		DC0D9E3F23E270F300383CE1 /* catchupTests.xctest */ = {isa = PBXFileReference; explicitFileType = wrapper.cfbundle; includeInIndex = 0; path = catchupTests.xctest; sourceTree = BUILT_PRODUCTS_DIR; };
		DC0D9E4523E270F300383CE1 /* Info.plist */ = {isa = PBXFileReference; lastKnownFileType = text.plist.xml; path = Info.plist; sourceTree = "<group>"; };
		DC0D9E4A23E270F300383CE1 /* catchupUITests.xctest */ = {isa = PBXFileReference; explicitFileType = wrapper.cfbundle; includeInIndex = 0; path = catchupUITests.xctest; sourceTree = BUILT_PRODUCTS_DIR; };
		DC0D9E4E23E270F300383CE1 /* catchupUITests.swift */ = {isa = PBXFileReference; lastKnownFileType = sourcecode.swift; path = catchupUITests.swift; sourceTree = "<group>"; };
		DC0D9E5023E270F300383CE1 /* Info.plist */ = {isa = PBXFileReference; lastKnownFileType = text.plist.xml; path = Info.plist; sourceTree = "<group>"; };
		DC0D9E5D23E2745900383CE1 /* Catchup.swift */ = {isa = PBXFileReference; lastKnownFileType = sourcecode.swift; path = Catchup.swift; sourceTree = "<group>"; };
		DC0D9E6123E2758600383CE1 /* ContactMethod.swift */ = {isa = PBXFileReference; lastKnownFileType = sourcecode.swift; path = ContactMethod.swift; sourceTree = "<group>"; };
		DC0D9E6523E276AA00383CE1 /* Touch.swift */ = {isa = PBXFileReference; lastKnownFileType = sourcecode.swift; path = Touch.swift; sourceTree = "<group>"; };
		DC0D9E6923E27D7100383CE1 /* Intervals.swift */ = {isa = PBXFileReference; lastKnownFileType = sourcecode.swift; path = Intervals.swift; sourceTree = "<group>"; };
		DC139D3E23ECA0350065B138 /* Notifications.swift */ = {isa = PBXFileReference; lastKnownFileType = sourcecode.swift; path = Notifications.swift; sourceTree = "<group>"; };
		DC139D4123ECA0630065B138 /* NotificationsTests.swift */ = {isa = PBXFileReference; lastKnownFileType = sourcecode.swift; path = NotificationsTests.swift; sourceTree = "<group>"; };
		DC2015F023E8BC410019BCD6 /* CNContactDisplayExtension.swift */ = {isa = PBXFileReference; lastKnownFileType = sourcecode.swift; path = CNContactDisplayExtension.swift; sourceTree = "<group>"; };
		DC22532423E5E7B200A20AF8 /* ViewControllerSubscription.swift */ = {isa = PBXFileReference; lastKnownFileType = sourcecode.swift; path = ViewControllerSubscription.swift; sourceTree = "<group>"; };
		DC22532623E5E9BB00A20AF8 /* ViewControllerPublisher.swift */ = {isa = PBXFileReference; lastKnownFileType = sourcecode.swift; path = ViewControllerPublisher.swift; sourceTree = "<group>"; };
		DC22532823E5EAAA00A20AF8 /* CombineCompatible.swift */ = {isa = PBXFileReference; lastKnownFileType = sourcecode.swift; path = CombineCompatible.swift; sourceTree = "<group>"; };
		DC4043C423E4B520007D4BD1 /* ContactPickerViewControllerWrapper.swift */ = {isa = PBXFileReference; lastKnownFileType = sourcecode.swift; path = ContactPickerViewControllerWrapper.swift; sourceTree = "<group>"; };
		DC4BF3422427E48D00595CD8 /* DoubleSlider.swift */ = {isa = PBXFileReference; lastKnownFileType = sourcecode.swift; path = DoubleSlider.swift; sourceTree = "<group>"; };
		DC4BF34424280EE900595CD8 /* Clamp.swift */ = {isa = PBXFileReference; lastKnownFileType = sourcecode.swift; path = Clamp.swift; sourceTree = "<group>"; };
		DC4F16B723EBA13500785223 /* catchupTests-Bridging-Header.h */ = {isa = PBXFileReference; lastKnownFileType = sourcecode.c.h; path = "catchupTests-Bridging-Header.h"; sourceTree = "<group>"; };
		DC4F16B823EBA13600785223 /* SchedulerTests.swift */ = {isa = PBXFileReference; lastKnownFileType = sourcecode.swift; name = SchedulerTests.swift; path = catchupTests/SchedulerTests.swift; sourceTree = SOURCE_ROOT; };
		DC5542A12424502C00119BE9 /* Debug.swift */ = {isa = PBXFileReference; lastKnownFileType = sourcecode.swift; path = Debug.swift; sourceTree = "<group>"; };
		DC57110C23E3F31200FFA866 /* ContactPickerViewController.swift */ = {isa = PBXFileReference; lastKnownFileType = sourcecode.swift; path = ContactPickerViewController.swift; sourceTree = "<group>"; };
		DC57111023E3FB9D00FFA866 /* Upcoming.swift */ = {isa = PBXFileReference; lastKnownFileType = sourcecode.swift; path = Upcoming.swift; sourceTree = "<group>"; };
		DC57111623E40AAF00FFA866 /* NewCatchupView.swift */ = {isa = PBXFileReference; lastKnownFileType = sourcecode.swift; path = NewCatchupView.swift; sourceTree = "<group>"; };
		DC6B727B23EA38E800607A9D /* Scheduler.swift */ = {isa = PBXFileReference; lastKnownFileType = sourcecode.swift; path = Scheduler.swift; sourceTree = "<group>"; };
		DC8DE662240BA0A6009363A6 /* MailComposeView.swift */ = {isa = PBXFileReference; lastKnownFileType = sourcecode.swift; path = MailComposeView.swift; sourceTree = "<group>"; };
		DC8DE664240BAA64009363A6 /* MessageComposeView.swift */ = {isa = PBXFileReference; lastKnownFileType = sourcecode.swift; path = MessageComposeView.swift; sourceTree = "<group>"; };
		DC975B26240B6312000E6D25 /* SceneDelegate.swift */ = {isa = PBXFileReference; lastKnownFileType = sourcecode.swift; path = SceneDelegate.swift; sourceTree = "<group>"; };
		DC975B29240B647D000E6D25 /* MainView.swift */ = {isa = PBXFileReference; lastKnownFileType = sourcecode.swift; path = MainView.swift; sourceTree = "<group>"; };
		DC9CEE82243042EB0015298F /* Settings.swift */ = {isa = PBXFileReference; lastKnownFileType = sourcecode.swift; path = Settings.swift; sourceTree = "<group>"; };
		DCABF9A323E603CA002B1727 /* SettingsView.swift */ = {isa = PBXFileReference; lastKnownFileType = sourcecode.swift; path = SettingsView.swift; sourceTree = "<group>"; };
		DCBD38BC240D03A50027628A /* Appfile */ = {isa = PBXFileReference; fileEncoding = 4; lastKnownFileType = text; path = Appfile; sourceTree = "<group>"; };
		DCBD38BD240D03A50027628A /* SnapshotHelper.swift */ = {isa = PBXFileReference; fileEncoding = 4; lastKnownFileType = sourcecode.swift; path = SnapshotHelper.swift; sourceTree = "<group>"; };
		DCBD38BE240D03A50027628A /* Fastfile */ = {isa = PBXFileReference; fileEncoding = 4; lastKnownFileType = text; path = Fastfile; sourceTree = "<group>"; };
		DCBD38BF240D03A50027628A /* README.md */ = {isa = PBXFileReference; fileEncoding = 4; lastKnownFileType = net.daringfireball.markdown; path = README.md; sourceTree = "<group>"; };
		DCBD38C0240D03A50027628A /* report.xml */ = {isa = PBXFileReference; fileEncoding = 4; lastKnownFileType = text.xml; path = report.xml; sourceTree = "<group>"; };
		DCBD38C1240D03A50027628A /* Snapfile */ = {isa = PBXFileReference; fileEncoding = 4; lastKnownFileType = text; path = Snapfile; sourceTree = "<group>"; };
		DCDE2DE3243176E00036CEED /* Slot.swift */ = {isa = PBXFileReference; lastKnownFileType = sourcecode.swift; path = Slot.swift; sourceTree = "<group>"; };
		DCF04BA023E3A86A00D433AB /* Database.swift */ = {isa = PBXFileReference; lastKnownFileType = sourcecode.swift; path = Database.swift; sourceTree = "<group>"; };
/* End PBXFileReference section */

/* Begin PBXFrameworksBuildPhase section */
		DC0D9E2623E270EC00383CE1 /* Frameworks */ = {
			isa = PBXFrameworksBuildPhase;
			buildActionMask = 2147483647;
			files = (
				DCFF5E9F23F22654008F48CA /* Promises in Frameworks */,
				DCF04B9F23E3A7AE00D433AB /* SQLite in Frameworks */,
			);
			runOnlyForDeploymentPostprocessing = 0;
		};
		DC0D9E3C23E270F300383CE1 /* Frameworks */ = {
			isa = PBXFrameworksBuildPhase;
			buildActionMask = 2147483647;
			files = (
				DCFF5EA123F22654008F48CA /* PromisesTestHelpers in Frameworks */,
				DC153CC823EBE22D004533AD /* SQLite in Frameworks */,
			);
			runOnlyForDeploymentPostprocessing = 0;
		};
		DC0D9E4723E270F300383CE1 /* Frameworks */ = {
			isa = PBXFrameworksBuildPhase;
			buildActionMask = 2147483647;
			files = (
			);
			runOnlyForDeploymentPostprocessing = 0;
		};
/* End PBXFrameworksBuildPhase section */

/* Begin PBXGroup section */
		DC0D9E2023E270EC00383CE1 = {
			isa = PBXGroup;
			children = (
				DC0D9E2B23E270EC00383CE1 /* catchup */,
				DC0D9E4223E270F300383CE1 /* catchupTests */,
				DC0D9E4D23E270F300383CE1 /* catchupUITests */,
				DC0D9E2A23E270EC00383CE1 /* Products */,
				DC153CC623EBE22D004533AD /* Frameworks */,
				DCBD38BB240D03A50027628A /* fastlane */,
			);
			sourceTree = "<group>";
		};
		DC0D9E2A23E270EC00383CE1 /* Products */ = {
			isa = PBXGroup;
			children = (
				DC0D9E2923E270EC00383CE1 /* 🥫 Ketchup.app */,
				DC0D9E3F23E270F300383CE1 /* catchupTests.xctest */,
				DC0D9E4A23E270F300383CE1 /* catchupUITests.xctest */,
			);
			name = Products;
			sourceTree = "<group>";
		};
		DC0D9E2B23E270EC00383CE1 /* catchup */ = {
			isa = PBXGroup;
			children = (
				DC975B28240B631D000E6D25 /* system */,
				DCFD088223F4B02500420149 /* views */,
				DC0D9E5C23E2741A00383CE1 /* model */,
				DCF04BA023E3A86A00D433AB /* Database.swift */,
				DC6B727B23EA38E800607A9D /* Scheduler.swift */,
				DC139D3E23ECA0350065B138 /* Notifications.swift */,
				DCABF9A223E602D6002B1727 /* utils */,
				DC0D9E3223E270F300383CE1 /* Assets.xcassets */,
				DC0D9E3723E270F300383CE1 /* LaunchScreen.storyboard */,
				DC0D9E3A23E270F300383CE1 /* Info.plist */,
				DC0D9E3423E270F300383CE1 /* Preview Content */,
				DC4F16B723EBA13500785223 /* catchupTests-Bridging-Header.h */,
			);
			path = catchup;
			sourceTree = "<group>";
		};
		DC0D9E3423E270F300383CE1 /* Preview Content */ = {
			isa = PBXGroup;
			children = (
				DC0D9E3523E270F300383CE1 /* Preview Assets.xcassets */,
			);
			path = "Preview Content";
			sourceTree = "<group>";
		};
		DC0D9E4223E270F300383CE1 /* catchupTests */ = {
			isa = PBXGroup;
			children = (
				DC4F16B823EBA13600785223 /* SchedulerTests.swift */,
				DC139D4123ECA0630065B138 /* NotificationsTests.swift */,
				DC0D9E4523E270F300383CE1 /* Info.plist */,
			);
			path = catchupTests;
			sourceTree = "<group>";
		};
		DC0D9E4D23E270F300383CE1 /* catchupUITests */ = {
			isa = PBXGroup;
			children = (
				DCBD38BD240D03A50027628A /* SnapshotHelper.swift */,
				DC0D9E4E23E270F300383CE1 /* catchupUITests.swift */,
				DC0D9E5023E270F300383CE1 /* Info.plist */,
			);
			path = catchupUITests;
			sourceTree = "<group>";
		};
		DC0D9E5C23E2741A00383CE1 /* model */ = {
			isa = PBXGroup;
			children = (
				DC0D9E5D23E2745900383CE1 /* Catchup.swift */,
				DC0D9E6123E2758600383CE1 /* ContactMethod.swift */,
				DC0D9E6523E276AA00383CE1 /* Touch.swift */,
				DC0D9E6923E27D7100383CE1 /* Intervals.swift */,
				DC57111023E3FB9D00FFA866 /* Upcoming.swift */,
				DCDE2DE3243176E00036CEED /* Slot.swift */,
			);
			path = model;
			sourceTree = "<group>";
		};
		DC153CC623EBE22D004533AD /* Frameworks */ = {
			isa = PBXGroup;
			children = (
			);
			name = Frameworks;
			sourceTree = "<group>";
		};
		DC975B28240B631D000E6D25 /* system */ = {
			isa = PBXGroup;
			children = (
				DC0D9E2C23E270EC00383CE1 /* AppDelegate.swift */,
				DC975B26240B6312000E6D25 /* SceneDelegate.swift */,
			);
			path = system;
			sourceTree = "<group>";
		};
		DCABF9A223E602D6002B1727 /* utils */ = {
			isa = PBXGroup;
			children = (
				DC22532423E5E7B200A20AF8 /* ViewControllerSubscription.swift */,
				DC22532623E5E9BB00A20AF8 /* ViewControllerPublisher.swift */,
				DC22532823E5EAAA00A20AF8 /* CombineCompatible.swift */,
				DC5542A12424502C00119BE9 /* Debug.swift */,
				DC4BF34424280EE900595CD8 /* Clamp.swift */,
				DC9CEE82243042EB0015298F /* Settings.swift */,
			);
			path = utils;
			sourceTree = "<group>";
		};
		DCABF9A523E603D5002B1727 /* ContactPicker */ = {
			isa = PBXGroup;
			children = (
				DC2015F023E8BC410019BCD6 /* CNContactDisplayExtension.swift */,
				DC4043C423E4B520007D4BD1 /* ContactPickerViewControllerWrapper.swift */,
				DC57110C23E3F31200FFA866 /* ContactPickerViewController.swift */,
			);
			path = ContactPicker;
			sourceTree = "<group>";
		};
		DCBD38BB240D03A50027628A /* fastlane */ = {
			isa = PBXGroup;
			children = (
				DCBD38BC240D03A50027628A /* Appfile */,
				DCBD38BE240D03A50027628A /* Fastfile */,
				DCBD38BF240D03A50027628A /* README.md */,
				DCBD38C0240D03A50027628A /* report.xml */,
				DCBD38C1240D03A50027628A /* Snapfile */,
			);
			path = fastlane;
			sourceTree = "<group>";
		};
		DCFD088223F4B02500420149 /* views */ = {
			isa = PBXGroup;
			children = (
				DCABF9A523E603D5002B1727 /* ContactPicker */,
				DC975B29240B647D000E6D25 /* MainView.swift */,
				DC0D9E3023E270EC00383CE1 /* ContentView.swift */,
				DC57111623E40AAF00FFA866 /* NewCatchupView.swift */,
				DCABF9A323E603CA002B1727 /* SettingsView.swift */,
				DC8DE662240BA0A6009363A6 /* MailComposeView.swift */,
				DC8DE664240BAA64009363A6 /* MessageComposeView.swift */,
				DC4BF3422427E48D00595CD8 /* DoubleSlider.swift */,
			);
			path = views;
			sourceTree = "<group>";
		};
/* End PBXGroup section */

/* Begin PBXNativeTarget section */
		DC0D9E2823E270EC00383CE1 /* catchup */ = {
			isa = PBXNativeTarget;
			buildConfigurationList = DC0D9E5323E270F300383CE1 /* Build configuration list for PBXNativeTarget "catchup" */;
			buildPhases = (
				DC0D9E2523E270EC00383CE1 /* Sources */,
				DC0D9E2623E270EC00383CE1 /* Frameworks */,
				DC0D9E2723E270EC00383CE1 /* Resources */,
			);
			buildRules = (
			);
			dependencies = (
			);
			name = catchup;
			packageProductDependencies = (
				DCF04B9E23E3A7AE00D433AB /* SQLite */,
				DCFF5E9E23F22654008F48CA /* Promises */,
			);
			productName = catchup;
			productReference = DC0D9E2923E270EC00383CE1 /* 🥫 Ketchup.app */;
			productType = "com.apple.product-type.application";
		};
		DC0D9E3E23E270F300383CE1 /* catchupTests */ = {
			isa = PBXNativeTarget;
			buildConfigurationList = DC0D9E5623E270F300383CE1 /* Build configuration list for PBXNativeTarget "catchupTests" */;
			buildPhases = (
				DC0D9E3B23E270F300383CE1 /* Sources */,
				DC0D9E3C23E270F300383CE1 /* Frameworks */,
				DC0D9E3D23E270F300383CE1 /* Resources */,
			);
			buildRules = (
			);
			dependencies = (
				DC0D9E4123E270F300383CE1 /* PBXTargetDependency */,
			);
			name = catchupTests;
			packageProductDependencies = (
				DC153CC723EBE22D004533AD /* SQLite */,
				DCFF5EA023F22654008F48CA /* PromisesTestHelpers */,
			);
			productName = catchupTests;
			productReference = DC0D9E3F23E270F300383CE1 /* catchupTests.xctest */;
			productType = "com.apple.product-type.bundle.unit-test";
		};
		DC0D9E4923E270F300383CE1 /* catchupUITests */ = {
			isa = PBXNativeTarget;
			buildConfigurationList = DC0D9E5923E270F300383CE1 /* Build configuration list for PBXNativeTarget "catchupUITests" */;
			buildPhases = (
				DC0D9E4623E270F300383CE1 /* Sources */,
				DC0D9E4723E270F300383CE1 /* Frameworks */,
				DC0D9E4823E270F300383CE1 /* Resources */,
			);
			buildRules = (
			);
			dependencies = (
				DC0D9E4C23E270F300383CE1 /* PBXTargetDependency */,
			);
			name = catchupUITests;
			productName = catchupUITests;
			productReference = DC0D9E4A23E270F300383CE1 /* catchupUITests.xctest */;
			productType = "com.apple.product-type.bundle.ui-testing";
		};
/* End PBXNativeTarget section */

/* Begin PBXProject section */
		DC0D9E2123E270EC00383CE1 /* Project object */ = {
			isa = PBXProject;
			attributes = {
				LastSwiftUpdateCheck = 1130;
				LastUpgradeCheck = 1130;
				ORGANIZATIONNAME = newnoetic;
				TargetAttributes = {
					DC0D9E2823E270EC00383CE1 = {
						CreatedOnToolsVersion = 11.3.1;
					};
					DC0D9E3E23E270F300383CE1 = {
						CreatedOnToolsVersion = 11.3.1;
						LastSwiftMigration = 1130;
						TestTargetID = DC0D9E2823E270EC00383CE1;
					};
					DC0D9E4923E270F300383CE1 = {
						CreatedOnToolsVersion = 11.3.1;
						TestTargetID = DC0D9E2823E270EC00383CE1;
					};
				};
			};
			buildConfigurationList = DC0D9E2423E270EC00383CE1 /* Build configuration list for PBXProject "catchup" */;
			compatibilityVersion = "Xcode 9.3";
			developmentRegion = en;
			hasScannedForEncodings = 0;
			knownRegions = (
				en,
				Base,
			);
			mainGroup = DC0D9E2023E270EC00383CE1;
			packageReferences = (
				DCF04B9D23E3A7AE00D433AB /* XCRemoteSwiftPackageReference "SQLite" */,
				DCFF5E9D23F22654008F48CA /* XCRemoteSwiftPackageReference "promises" */,
			);
			productRefGroup = DC0D9E2A23E270EC00383CE1 /* Products */;
			projectDirPath = "";
			projectRoot = "";
			targets = (
				DC0D9E2823E270EC00383CE1 /* catchup */,
				DC0D9E3E23E270F300383CE1 /* catchupTests */,
				DC0D9E4923E270F300383CE1 /* catchupUITests */,
			);
		};
/* End PBXProject section */

/* Begin PBXResourcesBuildPhase section */
		DC0D9E2723E270EC00383CE1 /* Resources */ = {
			isa = PBXResourcesBuildPhase;
			buildActionMask = 2147483647;
			files = (
				DCBD38C5240D03A60027628A /* README.md in Resources */,
				DCBD38C4240D03A60027628A /* Fastfile in Resources */,
				DCBD38C7240D03A60027628A /* Snapfile in Resources */,
				DCBD38C2240D03A60027628A /* Appfile in Resources */,
				DC0D9E3923E270F300383CE1 /* LaunchScreen.storyboard in Resources */,
				DCBD38C6240D03A60027628A /* report.xml in Resources */,
				DC0D9E3623E270F300383CE1 /* Preview Assets.xcassets in Resources */,
				DC0D9E3323E270F300383CE1 /* Assets.xcassets in Resources */,
			);
			runOnlyForDeploymentPostprocessing = 0;
		};
		DC0D9E3D23E270F300383CE1 /* Resources */ = {
			isa = PBXResourcesBuildPhase;
			buildActionMask = 2147483647;
			files = (
			);
			runOnlyForDeploymentPostprocessing = 0;
		};
		DC0D9E4823E270F300383CE1 /* Resources */ = {
			isa = PBXResourcesBuildPhase;
			buildActionMask = 2147483647;
			files = (
			);
			runOnlyForDeploymentPostprocessing = 0;
		};
/* End PBXResourcesBuildPhase section */

/* Begin PBXSourcesBuildPhase section */
		DC0D9E2523E270EC00383CE1 /* Sources */ = {
			isa = PBXSourcesBuildPhase;
			buildActionMask = 2147483647;
			files = (
				DC0D9E5E23E2745900383CE1 /* Catchup.swift in Sources */,
				DC139D3F23ECA0350065B138 /* Notifications.swift in Sources */,
				DC9CEE83243042EB0015298F /* Settings.swift in Sources */,
				DC57111123E3FB9D00FFA866 /* Upcoming.swift in Sources */,
				DC8DE665240BAA65009363A6 /* MessageComposeView.swift in Sources */,
				DC0D9E6223E2758600383CE1 /* ContactMethod.swift in Sources */,
				DCABF9A423E603CA002B1727 /* SettingsView.swift in Sources */,
				DC2015F123E8BC410019BCD6 /* CNContactDisplayExtension.swift in Sources */,
				DC57111723E40AAF00FFA866 /* NewCatchupView.swift in Sources */,
				DC5542A22424502C00119BE9 /* Debug.swift in Sources */,
				DC22532923E5EAAA00A20AF8 /* CombineCompatible.swift in Sources */,
				DC0D9E2D23E270EC00383CE1 /* AppDelegate.swift in Sources */,
				DC4BF34524280EE900595CD8 /* Clamp.swift in Sources */,
				DC8DE663240BA0A6009363A6 /* MailComposeView.swift in Sources */,
				DC0D9E6623E276AA00383CE1 /* Touch.swift in Sources */,
				DC6B727C23EA38E800607A9D /* Scheduler.swift in Sources */,
				DC22532523E5E7B200A20AF8 /* ViewControllerSubscription.swift in Sources */,
				DC0D9E3123E270EC00383CE1 /* ContentView.swift in Sources */,
				DC975B2A240B647D000E6D25 /* MainView.swift in Sources */,
				DCDE2DE4243176E00036CEED /* Slot.swift in Sources */,
				DC4043C523E4B520007D4BD1 /* ContactPickerViewControllerWrapper.swift in Sources */,
				DCF04BA123E3A86A00D433AB /* Database.swift in Sources */,
				DC4BF3432427E48D00595CD8 /* DoubleSlider.swift in Sources */,
				DC57110D23E3F31200FFA866 /* ContactPickerViewController.swift in Sources */,
				DC975B27240B6312000E6D25 /* SceneDelegate.swift in Sources */,
				DC0D9E6A23E27D7100383CE1 /* Intervals.swift in Sources */,
				DC22532723E5E9BB00A20AF8 /* ViewControllerPublisher.swift in Sources */,
			);
			runOnlyForDeploymentPostprocessing = 0;
		};
		DC0D9E3B23E270F300383CE1 /* Sources */ = {
			isa = PBXSourcesBuildPhase;
			buildActionMask = 2147483647;
			files = (
				DC139D4223ECA0630065B138 /* NotificationsTests.swift in Sources */,
				DC153CC923EBE242004533AD /* Catchup.swift in Sources */,
				DC139D4023ECA0430065B138 /* Notifications.swift in Sources */,
				DC153CCA23EBE24C004533AD /* ContactMethod.swift in Sources */,
				DC153CCB23EBE257004533AD /* Intervals.swift in Sources */,
				DC153CC523EBE1FB004533AD /* Database.swift in Sources */,
				DC4F16B923EBA13600785223 /* SchedulerTests.swift in Sources */,
				DC153CCC23ED351E004533AD /* CNContactDisplayExtension.swift in Sources */,
				DC4F16BA23EBA19700785223 /* Scheduler.swift in Sources */,
			);
			runOnlyForDeploymentPostprocessing = 0;
		};
		DC0D9E4623E270F300383CE1 /* Sources */ = {
			isa = PBXSourcesBuildPhase;
			buildActionMask = 2147483647;
			files = (
				DCBD38C9240D04F20027628A /* catchupUITests.swift in Sources */,
				DCBD38C8240D03BB0027628A /* SnapshotHelper.swift in Sources */,
			);
			runOnlyForDeploymentPostprocessing = 0;
		};
/* End PBXSourcesBuildPhase section */

/* Begin PBXTargetDependency section */
		DC0D9E4123E270F300383CE1 /* PBXTargetDependency */ = {
			isa = PBXTargetDependency;
			target = DC0D9E2823E270EC00383CE1 /* catchup */;
			targetProxy = DC0D9E4023E270F300383CE1 /* PBXContainerItemProxy */;
		};
		DC0D9E4C23E270F300383CE1 /* PBXTargetDependency */ = {
			isa = PBXTargetDependency;
			target = DC0D9E2823E270EC00383CE1 /* catchup */;
			targetProxy = DC0D9E4B23E270F300383CE1 /* PBXContainerItemProxy */;
		};
/* End PBXTargetDependency section */

/* Begin PBXVariantGroup section */
		DC0D9E3723E270F300383CE1 /* LaunchScreen.storyboard */ = {
			isa = PBXVariantGroup;
			children = (
				DC0D9E3823E270F300383CE1 /* Base */,
			);
			name = LaunchScreen.storyboard;
			sourceTree = "<group>";
		};
/* End PBXVariantGroup section */

/* Begin XCBuildConfiguration section */
		DC0D9E5123E270F300383CE1 /* Debug */ = {
			isa = XCBuildConfiguration;
			buildSettings = {
				ALWAYS_SEARCH_USER_PATHS = NO;
				CLANG_ANALYZER_NONNULL = YES;
				CLANG_ANALYZER_NUMBER_OBJECT_CONVERSION = YES_AGGRESSIVE;
				CLANG_CXX_LANGUAGE_STANDARD = "gnu++14";
				CLANG_CXX_LIBRARY = "libc++";
				CLANG_ENABLE_MODULES = YES;
				CLANG_ENABLE_OBJC_ARC = YES;
				CLANG_ENABLE_OBJC_WEAK = YES;
				CLANG_WARN_BLOCK_CAPTURE_AUTORELEASING = YES;
				CLANG_WARN_BOOL_CONVERSION = YES;
				CLANG_WARN_COMMA = YES;
				CLANG_WARN_CONSTANT_CONVERSION = YES;
				CLANG_WARN_DEPRECATED_OBJC_IMPLEMENTATIONS = YES;
				CLANG_WARN_DIRECT_OBJC_ISA_USAGE = YES_ERROR;
				CLANG_WARN_DOCUMENTATION_COMMENTS = YES;
				CLANG_WARN_EMPTY_BODY = YES;
				CLANG_WARN_ENUM_CONVERSION = YES;
				CLANG_WARN_INFINITE_RECURSION = YES;
				CLANG_WARN_INT_CONVERSION = YES;
				CLANG_WARN_NON_LITERAL_NULL_CONVERSION = YES;
				CLANG_WARN_OBJC_IMPLICIT_RETAIN_SELF = YES;
				CLANG_WARN_OBJC_LITERAL_CONVERSION = YES;
				CLANG_WARN_OBJC_ROOT_CLASS = YES_ERROR;
				CLANG_WARN_RANGE_LOOP_ANALYSIS = YES;
				CLANG_WARN_STRICT_PROTOTYPES = YES;
				CLANG_WARN_SUSPICIOUS_MOVE = YES;
				CLANG_WARN_UNGUARDED_AVAILABILITY = YES_AGGRESSIVE;
				CLANG_WARN_UNREACHABLE_CODE = YES;
				CLANG_WARN__DUPLICATE_METHOD_MATCH = YES;
				COPY_PHASE_STRIP = NO;
				DEBUG_INFORMATION_FORMAT = dwarf;
				ENABLE_STRICT_OBJC_MSGSEND = YES;
				ENABLE_TESTABILITY = YES;
				GCC_C_LANGUAGE_STANDARD = gnu11;
				GCC_DYNAMIC_NO_PIC = NO;
				GCC_NO_COMMON_BLOCKS = YES;
				GCC_OPTIMIZATION_LEVEL = 0;
				GCC_PREPROCESSOR_DEFINITIONS = (
					"DEBUG=1",
					"$(inherited)",
				);
				GCC_WARN_64_TO_32_BIT_CONVERSION = YES;
				GCC_WARN_ABOUT_RETURN_TYPE = YES_ERROR;
				GCC_WARN_UNDECLARED_SELECTOR = YES;
				GCC_WARN_UNINITIALIZED_AUTOS = YES_AGGRESSIVE;
				GCC_WARN_UNUSED_FUNCTION = YES;
				GCC_WARN_UNUSED_VARIABLE = YES;
				IPHONEOS_DEPLOYMENT_TARGET = 13.2;
				MTL_ENABLE_DEBUG_INFO = INCLUDE_SOURCE;
				MTL_FAST_MATH = YES;
				ONLY_ACTIVE_ARCH = YES;
				SDKROOT = iphoneos;
				SWIFT_ACTIVE_COMPILATION_CONDITIONS = DEBUG;
				SWIFT_OPTIMIZATION_LEVEL = "-Onone";
			};
			name = Debug;
		};
		DC0D9E5223E270F300383CE1 /* Release */ = {
			isa = XCBuildConfiguration;
			buildSettings = {
				ALWAYS_SEARCH_USER_PATHS = NO;
				CLANG_ANALYZER_NONNULL = YES;
				CLANG_ANALYZER_NUMBER_OBJECT_CONVERSION = YES_AGGRESSIVE;
				CLANG_CXX_LANGUAGE_STANDARD = "gnu++14";
				CLANG_CXX_LIBRARY = "libc++";
				CLANG_ENABLE_MODULES = YES;
				CLANG_ENABLE_OBJC_ARC = YES;
				CLANG_ENABLE_OBJC_WEAK = YES;
				CLANG_WARN_BLOCK_CAPTURE_AUTORELEASING = YES;
				CLANG_WARN_BOOL_CONVERSION = YES;
				CLANG_WARN_COMMA = YES;
				CLANG_WARN_CONSTANT_CONVERSION = YES;
				CLANG_WARN_DEPRECATED_OBJC_IMPLEMENTATIONS = YES;
				CLANG_WARN_DIRECT_OBJC_ISA_USAGE = YES_ERROR;
				CLANG_WARN_DOCUMENTATION_COMMENTS = YES;
				CLANG_WARN_EMPTY_BODY = YES;
				CLANG_WARN_ENUM_CONVERSION = YES;
				CLANG_WARN_INFINITE_RECURSION = YES;
				CLANG_WARN_INT_CONVERSION = YES;
				CLANG_WARN_NON_LITERAL_NULL_CONVERSION = YES;
				CLANG_WARN_OBJC_IMPLICIT_RETAIN_SELF = YES;
				CLANG_WARN_OBJC_LITERAL_CONVERSION = YES;
				CLANG_WARN_OBJC_ROOT_CLASS = YES_ERROR;
				CLANG_WARN_RANGE_LOOP_ANALYSIS = YES;
				CLANG_WARN_STRICT_PROTOTYPES = YES;
				CLANG_WARN_SUSPICIOUS_MOVE = YES;
				CLANG_WARN_UNGUARDED_AVAILABILITY = YES_AGGRESSIVE;
				CLANG_WARN_UNREACHABLE_CODE = YES;
				CLANG_WARN__DUPLICATE_METHOD_MATCH = YES;
				COPY_PHASE_STRIP = NO;
				DEBUG_INFORMATION_FORMAT = "dwarf-with-dsym";
				ENABLE_NS_ASSERTIONS = NO;
				ENABLE_STRICT_OBJC_MSGSEND = YES;
				GCC_C_LANGUAGE_STANDARD = gnu11;
				GCC_NO_COMMON_BLOCKS = YES;
				GCC_WARN_64_TO_32_BIT_CONVERSION = YES;
				GCC_WARN_ABOUT_RETURN_TYPE = YES_ERROR;
				GCC_WARN_UNDECLARED_SELECTOR = YES;
				GCC_WARN_UNINITIALIZED_AUTOS = YES_AGGRESSIVE;
				GCC_WARN_UNUSED_FUNCTION = YES;
				GCC_WARN_UNUSED_VARIABLE = YES;
				IPHONEOS_DEPLOYMENT_TARGET = 13.2;
				MTL_ENABLE_DEBUG_INFO = NO;
				MTL_FAST_MATH = YES;
				SDKROOT = iphoneos;
				SWIFT_COMPILATION_MODE = wholemodule;
				SWIFT_OPTIMIZATION_LEVEL = "-O";
				VALIDATE_PRODUCT = YES;
			};
			name = Release;
		};
		DC0D9E5423E270F300383CE1 /* Debug */ = {
			isa = XCBuildConfiguration;
			buildSettings = {
				ASSETCATALOG_COMPILER_APPICON_NAME = AppIcon;
				CODE_SIGN_IDENTITY = "Apple Development";
				CODE_SIGN_STYLE = Automatic;
				CURRENT_PROJECT_VERSION = 12;
				DEVELOPMENT_ASSET_PATHS = "\"catchup/Preview Content\"";
				DEVELOPMENT_TEAM = CUCB33MFQZ;
				ENABLE_PREVIEWS = YES;
				INFOPLIST_FILE = catchup/Info.plist;
				IPHONEOS_DEPLOYMENT_TARGET = 13.0;
				LD_RUNPATH_SEARCH_PATHS = (
					"$(inherited)",
					"@executable_path/Frameworks",
				);
				MARKETING_VERSION = 1.3;
				PRODUCT_BUNDLE_IDENTIFIER = com.newnoetic.catchup;
				PRODUCT_NAME = "🥫 Ketchup";
				PROVISIONING_PROFILE_SPECIFIER = "";
				SWIFT_VERSION = 5.0;
				TARGETED_DEVICE_FAMILY = 1;
				VERSIONING_SYSTEM = "apple-generic";
			};
			name = Debug;
		};
		DC0D9E5523E270F300383CE1 /* Release */ = {
			isa = XCBuildConfiguration;
			buildSettings = {
				ASSETCATALOG_COMPILER_APPICON_NAME = AppIcon;
				CODE_SIGN_IDENTITY = "iPhone Distribution";
				CODE_SIGN_STYLE = Manual;
				CURRENT_PROJECT_VERSION = 12;
				DEVELOPMENT_ASSET_PATHS = "\"catchup/Preview Content\"";
				DEVELOPMENT_TEAM = CUCB33MFQZ;
				ENABLE_PREVIEWS = YES;
				INFOPLIST_FILE = catchup/Info.plist;
				IPHONEOS_DEPLOYMENT_TARGET = 13.0;
				LD_RUNPATH_SEARCH_PATHS = (
					"$(inherited)",
					"@executable_path/Frameworks",
				);
				MARKETING_VERSION = 1.3;
				PRODUCT_BUNDLE_IDENTIFIER = com.newnoetic.catchup;
				PRODUCT_NAME = "🥫 Ketchup";
				PROVISIONING_PROFILE_SPECIFIER = "com.newnoetic.catchup AppStore";
				SWIFT_VERSION = 5.0;
				TARGETED_DEVICE_FAMILY = 1;
				VERSIONING_SYSTEM = "apple-generic";
			};
			name = Release;
		};
		DC0D9E5723E270F300383CE1 /* Debug */ = {
			isa = XCBuildConfiguration;
			buildSettings = {
				ALWAYS_EMBED_SWIFT_STANDARD_LIBRARIES = YES;
				BUNDLE_LOADER = "$(TEST_HOST)";
				CLANG_ENABLE_MODULES = YES;
				CODE_SIGN_STYLE = Automatic;
				DEVELOPMENT_TEAM = CUCB33MFQZ;
				INFOPLIST_FILE = catchupTests/Info.plist;
				IPHONEOS_DEPLOYMENT_TARGET = 13.2;
				LD_RUNPATH_SEARCH_PATHS = (
					"$(inherited)",
					"@executable_path/Frameworks",
					"@loader_path/Frameworks",
				);
				PRODUCT_BUNDLE_IDENTIFIER = com.newnoetic.catchupTests;
				PRODUCT_NAME = "$(TARGET_NAME)";
				SWIFT_OBJC_BRIDGING_HEADER = "catchup/catchupTests-Bridging-Header.h";
				SWIFT_OPTIMIZATION_LEVEL = "-Onone";
				SWIFT_VERSION = 5.0;
				TARGETED_DEVICE_FAMILY = "1,2";
				TEST_HOST = "$(BUILT_PRODUCTS_DIR)/catchup.app/catchup";
			};
			name = Debug;
		};
		DC0D9E5823E270F300383CE1 /* Release */ = {
			isa = XCBuildConfiguration;
			buildSettings = {
				ALWAYS_EMBED_SWIFT_STANDARD_LIBRARIES = YES;
				BUNDLE_LOADER = "$(TEST_HOST)";
				CLANG_ENABLE_MODULES = YES;
				CODE_SIGN_STYLE = Automatic;
				DEVELOPMENT_TEAM = CUCB33MFQZ;
				INFOPLIST_FILE = catchupTests/Info.plist;
				IPHONEOS_DEPLOYMENT_TARGET = 13.2;
				LD_RUNPATH_SEARCH_PATHS = (
					"$(inherited)",
					"@executable_path/Frameworks",
					"@loader_path/Frameworks",
				);
				PRODUCT_BUNDLE_IDENTIFIER = com.newnoetic.catchupTests;
				PRODUCT_NAME = "$(TARGET_NAME)";
				SWIFT_OBJC_BRIDGING_HEADER = "catchup/catchupTests-Bridging-Header.h";
				SWIFT_VERSION = 5.0;
				TARGETED_DEVICE_FAMILY = "1,2";
				TEST_HOST = "$(BUILT_PRODUCTS_DIR)/catchup.app/catchup";
			};
			name = Release;
		};
		DC0D9E5A23E270F300383CE1 /* Debug */ = {
			isa = XCBuildConfiguration;
			buildSettings = {
				ALWAYS_EMBED_SWIFT_STANDARD_LIBRARIES = YES;
				CODE_SIGN_STYLE = Automatic;
				DEVELOPMENT_TEAM = CUCB33MFQZ;
				INFOPLIST_FILE = catchupUITests/Info.plist;
				LD_RUNPATH_SEARCH_PATHS = (
					"$(inherited)",
					"@executable_path/Frameworks",
					"@loader_path/Frameworks",
				);
				PRODUCT_BUNDLE_IDENTIFIER = com.newnoetic.catchupUITests;
				PRODUCT_NAME = "$(TARGET_NAME)";
				SWIFT_VERSION = 5.0;
				TARGETED_DEVICE_FAMILY = "1,2";
				TEST_TARGET_NAME = catchup;
			};
			name = Debug;
		};
		DC0D9E5B23E270F300383CE1 /* Release */ = {
			isa = XCBuildConfiguration;
			buildSettings = {
				ALWAYS_EMBED_SWIFT_STANDARD_LIBRARIES = YES;
				CODE_SIGN_STYLE = Automatic;
				DEVELOPMENT_TEAM = CUCB33MFQZ;
				INFOPLIST_FILE = catchupUITests/Info.plist;
				LD_RUNPATH_SEARCH_PATHS = (
					"$(inherited)",
					"@executable_path/Frameworks",
					"@loader_path/Frameworks",
				);
				PRODUCT_BUNDLE_IDENTIFIER = com.newnoetic.catchupUITests;
				PRODUCT_NAME = "$(TARGET_NAME)";
				SWIFT_VERSION = 5.0;
				TARGETED_DEVICE_FAMILY = "1,2";
				TEST_TARGET_NAME = catchup;
			};
			name = Release;
		};
/* End XCBuildConfiguration section */

/* Begin XCConfigurationList section */
		DC0D9E2423E270EC00383CE1 /* Build configuration list for PBXProject "catchup" */ = {
			isa = XCConfigurationList;
			buildConfigurations = (
				DC0D9E5123E270F300383CE1 /* Debug */,
				DC0D9E5223E270F300383CE1 /* Release */,
			);
			defaultConfigurationIsVisible = 0;
			defaultConfigurationName = Release;
		};
		DC0D9E5323E270F300383CE1 /* Build configuration list for PBXNativeTarget "catchup" */ = {
			isa = XCConfigurationList;
			buildConfigurations = (
				DC0D9E5423E270F300383CE1 /* Debug */,
				DC0D9E5523E270F300383CE1 /* Release */,
			);
			defaultConfigurationIsVisible = 0;
			defaultConfigurationName = Release;
		};
		DC0D9E5623E270F300383CE1 /* Build configuration list for PBXNativeTarget "catchupTests" */ = {
			isa = XCConfigurationList;
			buildConfigurations = (
				DC0D9E5723E270F300383CE1 /* Debug */,
				DC0D9E5823E270F300383CE1 /* Release */,
			);
			defaultConfigurationIsVisible = 0;
			defaultConfigurationName = Release;
		};
		DC0D9E5923E270F300383CE1 /* Build configuration list for PBXNativeTarget "catchupUITests" */ = {
			isa = XCConfigurationList;
			buildConfigurations = (
				DC0D9E5A23E270F300383CE1 /* Debug */,
				DC0D9E5B23E270F300383CE1 /* Release */,
			);
			defaultConfigurationIsVisible = 0;
			defaultConfigurationName = Release;
		};
/* End XCConfigurationList section */

/* Begin XCRemoteSwiftPackageReference section */
		DCF04B9D23E3A7AE00D433AB /* XCRemoteSwiftPackageReference "SQLite" */ = {
			isa = XCRemoteSwiftPackageReference;
			repositoryURL = "https://github.com/NewNoetic/SQLite.swift";
			requirement = {
				kind = exactVersion;
				version = 0.12.2;
			};
		};
		DCFF5E9D23F22654008F48CA /* XCRemoteSwiftPackageReference "promises" */ = {
			isa = XCRemoteSwiftPackageReference;
			repositoryURL = "https://github.com/NewNoetic/promises.git";
			requirement = {
				kind = exactVersion;
				version = 1.2.8;
			};
		};
/* End XCRemoteSwiftPackageReference section */

/* Begin XCSwiftPackageProductDependency section */
		DC153CC723EBE22D004533AD /* SQLite */ = {
			isa = XCSwiftPackageProductDependency;
			package = DCF04B9D23E3A7AE00D433AB /* XCRemoteSwiftPackageReference "SQLite" */;
			productName = SQLite;
		};
		DCF04B9E23E3A7AE00D433AB /* SQLite */ = {
			isa = XCSwiftPackageProductDependency;
			package = DCF04B9D23E3A7AE00D433AB /* XCRemoteSwiftPackageReference "SQLite" */;
			productName = SQLite;
		};
		DCFF5E9E23F22654008F48CA /* Promises */ = {
			isa = XCSwiftPackageProductDependency;
			package = DCFF5E9D23F22654008F48CA /* XCRemoteSwiftPackageReference "promises" */;
			productName = Promises;
		};
		DCFF5EA023F22654008F48CA /* PromisesTestHelpers */ = {
			isa = XCSwiftPackageProductDependency;
			package = DCFF5E9D23F22654008F48CA /* XCRemoteSwiftPackageReference "promises" */;
			productName = PromisesTestHelpers;
		};
/* End XCSwiftPackageProductDependency section */
	};
	rootObject = DC0D9E2123E270EC00383CE1 /* Project object */;
}
